// !$*UTF8*$!
{
	archiveVersion = 1;
	classes = {
	};
	objectVersion = 46;
	objects = {

/* Begin PBXBuildFile section */
		665C590117BD7171006DECBF /* Foundation.framework in Frameworks */ = {isa = PBXBuildFile; fileRef = 6691AA37150DCFBC00D4A47A /* Foundation.framework */; };
		665C590717BD7171006DECBF /* InfoPlist.strings in Resources */ = {isa = PBXBuildFile; fileRef = 665C590517BD7171006DECBF /* InfoPlist.strings */; };
		665C590C17BD719F006DECBF /* TCShapeController.m in Sources */ = {isa = PBXBuildFile; fileRef = 665C58F517BD5A19006DECBF /* TCShapeController.m */; };
		665C590D17BD719F006DECBF /* SYBezierController.m in Sources */ = {isa = PBXBuildFile; fileRef = ED2592E715BECB4000DC1DF0 /* SYBezierController.m */; };
		665C590E17BD719F006DECBF /* SYPaintView.m in Sources */ = {isa = PBXBuildFile; fileRef = EDE9DE1E1573EF5D009CC5EA /* SYPaintView.m */; };
		665C590F17BD719F006DECBF /* SYVectorView.m in Sources */ = {isa = PBXBuildFile; fileRef = ED92334515618F9F00B0F505 /* SYVectorView.m */; };
		665C591017BD719F006DECBF /* SYShape.m in Sources */ = {isa = PBXBuildFile; fileRef = ED10653B15FF5E71005C233F /* SYShape.m */; };
		665C591117BD719F006DECBF /* SYGeometry.m in Sources */ = {isa = PBXBuildFile; fileRef = ED10586E15641F8500B10043 /* SYGeometry.m */; };
		665C591217BD719F006DECBF /* SYSegment.m in Sources */ = {isa = PBXBuildFile; fileRef = EDF3BD3015796AC70026B9C2 /* SYSegment.m */; };
		665C591317BD719F006DECBF /* SYBezier.m in Sources */ = {isa = PBXBuildFile; fileRef = EDA4E76D166789E2000802C1 /* SYBezier.m */; };
		665C591617BD71E4006DECBF /* TCShapeController.h in Headers */ = {isa = PBXBuildFile; fileRef = 665C58F417BD5A19006DECBF /* TCShapeController.h */; settings = {ATTRIBUTES = (Public, ); }; };
		665C591717BD71E4006DECBF /* SYBezierController.h in Headers */ = {isa = PBXBuildFile; fileRef = ED2592E615BECB4000DC1DF0 /* SYBezierController.h */; settings = {ATTRIBUTES = (Private, ); }; };
		665C591817BD71E4006DECBF /* SYPaintView.h in Headers */ = {isa = PBXBuildFile; fileRef = EDE9DE1D1573EF5D009CC5EA /* SYPaintView.h */; settings = {ATTRIBUTES = (Public, ); }; };
		665C591917BD71E4006DECBF /* SYPaintViewDelegate.h in Headers */ = {isa = PBXBuildFile; fileRef = 665C58F717BD7046006DECBF /* SYPaintViewDelegate.h */; settings = {ATTRIBUTES = (Public, ); }; };
		665C591A17BD71E4006DECBF /* SYVectorView.h in Headers */ = {isa = PBXBuildFile; fileRef = ED92334415618F9E00B0F505 /* SYVectorView.h */; settings = {ATTRIBUTES = (Public, ); }; };
		665C591B17BD71E4006DECBF /* SYShape.h in Headers */ = {isa = PBXBuildFile; fileRef = ED10653A15FF5E71005C233F /* SYShape.h */; settings = {ATTRIBUTES = (Public, ); }; };
		665C591C17BD71E4006DECBF /* SYGeometry.h in Headers */ = {isa = PBXBuildFile; fileRef = ED10586D15641F8500B10043 /* SYGeometry.h */; settings = {ATTRIBUTES = (Public, ); }; };
		665C591D17BD71E4006DECBF /* SYSegment.h in Headers */ = {isa = PBXBuildFile; fileRef = EDF3BD2F15796AC70026B9C2 /* SYSegment.h */; settings = {ATTRIBUTES = (Public, ); }; };
		665C591E17BD71E4006DECBF /* SYBezier.h in Headers */ = {isa = PBXBuildFile; fileRef = EDA4E76C166789E2000802C1 /* SYBezier.h */; settings = {ATTRIBUTES = (Public, ); }; };
		665C591F17BD721F006DECBF /* QuartzCore.framework in Frameworks */ = {isa = PBXBuildFile; fileRef = ED92333C156180F600B0F505 /* QuartzCore.framework */; };
		665C592017BD7231006DECBF /* CoreGraphics.framework in Frameworks */ = {isa = PBXBuildFile; fileRef = 6691AA39150DCFBC00D4A47A /* CoreGraphics.framework */; };
		665C592217BD726F006DECBF /* CoreImage.framework in Frameworks */ = {isa = PBXBuildFile; fileRef = 665C592117BD726F006DECBF /* CoreImage.framework */; };
		665C592317BD728D006DECBF /* UIKit.framework in Frameworks */ = {isa = PBXBuildFile; fileRef = 6691AA35150DCFBC00D4A47A /* UIKit.framework */; };
		665C592417BD72D7006DECBF /* TouchShape.framework in Frameworks */ = {isa = PBXBuildFile; fileRef = 665C590017BD7171006DECBF /* TouchShape.framework */; };
		665C593117BD77B2006DECBF /* TouchShape.h in Headers */ = {isa = PBXBuildFile; fileRef = 665C593017BD77B2006DECBF /* TouchShape.h */; settings = {ATTRIBUTES = (Public, ); }; };
		6691AA36150DCFBC00D4A47A /* UIKit.framework in Frameworks */ = {isa = PBXBuildFile; fileRef = 6691AA35150DCFBC00D4A47A /* UIKit.framework */; };
		6691AA38150DCFBC00D4A47A /* Foundation.framework in Frameworks */ = {isa = PBXBuildFile; fileRef = 6691AA37150DCFBC00D4A47A /* Foundation.framework */; };
		6691AA3A150DCFBC00D4A47A /* CoreGraphics.framework in Frameworks */ = {isa = PBXBuildFile; fileRef = 6691AA39150DCFBC00D4A47A /* CoreGraphics.framework */; };
		6691AA40150DCFBC00D4A47A /* InfoPlist.strings in Resources */ = {isa = PBXBuildFile; fileRef = 6691AA3E150DCFBC00D4A47A /* InfoPlist.strings */; };
		6691AA42150DCFBC00D4A47A /* main.m in Sources */ = {isa = PBXBuildFile; fileRef = 6691AA41150DCFBC00D4A47A /* main.m */; };
		6691AA46150DCFBC00D4A47A /* TCAppDelegate.m in Sources */ = {isa = PBXBuildFile; fileRef = 6691AA45150DCFBC00D4A47A /* TCAppDelegate.m */; };
		6691AA49150DCFBC00D4A47A /* TCViewController.m in Sources */ = {isa = PBXBuildFile; fileRef = 6691AA48150DCFBC00D4A47A /* TCViewController.m */; };
		6691AA4C150DCFBD00D4A47A /* TCViewController_iPhone.xib in Resources */ = {isa = PBXBuildFile; fileRef = 6691AA4A150DCFBD00D4A47A /* TCViewController_iPhone.xib */; };
		6691AA4F150DCFBD00D4A47A /* TCViewController_iPad.xib in Resources */ = {isa = PBXBuildFile; fileRef = 6691AA4D150DCFBD00D4A47A /* TCViewController_iPad.xib */; };
		6691AA57150DCFBD00D4A47A /* SenTestingKit.framework in Frameworks */ = {isa = PBXBuildFile; fileRef = 6691AA56150DCFBD00D4A47A /* SenTestingKit.framework */; };
		6691AA58150DCFBD00D4A47A /* UIKit.framework in Frameworks */ = {isa = PBXBuildFile; fileRef = 6691AA35150DCFBC00D4A47A /* UIKit.framework */; };
		6691AA59150DCFBD00D4A47A /* Foundation.framework in Frameworks */ = {isa = PBXBuildFile; fileRef = 6691AA37150DCFBC00D4A47A /* Foundation.framework */; };
		6691AA61150DCFBD00D4A47A /* InfoPlist.strings in Resources */ = {isa = PBXBuildFile; fileRef = 6691AA5F150DCFBD00D4A47A /* InfoPlist.strings */; };
		6691AA64150DCFBD00D4A47A /* TouchChartTests.m in Sources */ = {isa = PBXBuildFile; fileRef = 6691AA63150DCFBD00D4A47A /* TouchChartTests.m */; };
		66A53A04163F1A1C003EAEC0 /* shape.png in Resources */ = {isa = PBXBuildFile; fileRef = 66A53A03163F1A1C003EAEC0 /* shape.png */; };
		66A53A07163F1A20003EAEC0 /* shape@2x.png in Resources */ = {isa = PBXBuildFile; fileRef = 66A53A06163F1A20003EAEC0 /* shape@2x.png */; };
		ED0BE56815F0C1EC00EBE866 /* SYUnitTestController.m in Sources */ = {isa = PBXBuildFile; fileRef = ED0BE56715F0C1EC00EBE866 /* SYUnitTestController.m */; };
		ED0BE5C315F0C7AE00EBE866 /* AudioToolbox.framework in Frameworks */ = {isa = PBXBuildFile; fileRef = ED0BE5C215F0C7AE00EBE866 /* AudioToolbox.framework */; };
		ED0BE5C515F0C7C300EBE866 /* CFNetwork.framework in Frameworks */ = {isa = PBXBuildFile; fileRef = ED0BE5C415F0C7C300EBE866 /* CFNetwork.framework */; };
		ED0BE5C715F0C7DC00EBE866 /* libsqlite3.dylib in Frameworks */ = {isa = PBXBuildFile; fileRef = ED0BE5C615F0C7DC00EBE866 /* libsqlite3.dylib */; };
		ED0BE5C915F0C7E800EBE866 /* libz.1.1.3.dylib in Frameworks */ = {isa = PBXBuildFile; fileRef = ED0BE5C815F0C7E800EBE866 /* libz.1.1.3.dylib */; };
		ED0BE5CB15F0C7F300EBE866 /* MobileCoreServices.framework in Frameworks */ = {isa = PBXBuildFile; fileRef = ED0BE5CA15F0C7F300EBE866 /* MobileCoreServices.framework */; };
		ED0BE5CD15F0C80100EBE866 /* Security.framework in Frameworks */ = {isa = PBXBuildFile; fileRef = ED0BE5CC15F0C80100EBE866 /* Security.framework */; };
		ED0BE5CF15F0C80A00EBE866 /* StoreKit.framework in Frameworks */ = {isa = PBXBuildFile; fileRef = ED0BE5CE15F0C80A00EBE866 /* StoreKit.framework */; };
		ED0BE5D115F0C81800EBE866 /* SystemConfiguration.framework in Frameworks */ = {isa = PBXBuildFile; fileRef = ED0BE5D015F0C81800EBE866 /* SystemConfiguration.framework */; };
		ED0BE5D415F0C8F700EBE866 /* Parse.framework in Frameworks */ = {isa = PBXBuildFile; fileRef = ED0BE5D315F0C8F700EBE866 /* Parse.framework */; };
		ED12DD2715F4C0B400FBDF00 /* UnitTestCell.xib in Resources */ = {isa = PBXBuildFile; fileRef = ED12DD2615F4C0B400FBDF00 /* UnitTestCell.xib */; };
		ED12DD2B15F4CDFC00FBDF00 /* SYUnitPreview.m in Sources */ = {isa = PBXBuildFile; fileRef = ED12DD2A15F4CDFC00FBDF00 /* SYUnitPreview.m */; };
		ED12DD3515F5295200FBDF00 /* LoginPopupBottom.png in Resources */ = {isa = PBXBuildFile; fileRef = ED12DD3215F5295100FBDF00 /* LoginPopupBottom.png */; };
		ED12DD3615F5295200FBDF00 /* LoginPopupMiddle.png in Resources */ = {isa = PBXBuildFile; fileRef = ED12DD3315F5295100FBDF00 /* LoginPopupMiddle.png */; };
		ED12DD3715F5295200FBDF00 /* LoginPopupTop.png in Resources */ = {isa = PBXBuildFile; fileRef = ED12DD3415F5295100FBDF00 /* LoginPopupTop.png */; };
		ED12DD3D15F539D100FBDF00 /* ListGlyphs.png in Resources */ = {isa = PBXBuildFile; fileRef = ED12DD3C15F539D100FBDF00 /* ListGlyphs.png */; };
		ED22E38E161D9AA20092B432 /* Default-568h@2x.png in Resources */ = {isa = PBXBuildFile; fileRef = ED22E38D161D9AA20092B432 /* Default-568h@2x.png */; };
		ED256D26160B44980009C871 /* SYTableBase.m in Sources */ = {isa = PBXBuildFile; fileRef = ED256D25160B44980009C871 /* SYTableBase.m */; };
		ED646F1C15AED566006434F8 /* Accelerate.framework in Frameworks */ = {isa = PBXBuildFile; fileRef = ED646F1B15AED566006434F8 /* Accelerate.framework */; };
		ED669884160A30B900115E68 /* SYSaveMessageView.m in Sources */ = {isa = PBXBuildFile; fileRef = ED669883160A30B900115E68 /* SYSaveMessageView.m */; };
		ED92333B156177A600B0F505 /* OpenGLES.framework in Frameworks */ = {isa = PBXBuildFile; fileRef = ED92333A156177A600B0F505 /* OpenGLES.framework */; };
		ED92333D156180F600B0F505 /* QuartzCore.framework in Frameworks */ = {isa = PBXBuildFile; fileRef = ED92333C156180F600B0F505 /* QuartzCore.framework */; };
		ED92334715618F9F00B0F505 /* SYVectorView.m in Sources */ = {isa = PBXBuildFile; fileRef = ED92334515618F9F00B0F505 /* SYVectorView.m */; };
/* End PBXBuildFile section */

/* Begin PBXContainerItemProxy section */
		665C591417BD71B9006DECBF /* PBXContainerItemProxy */ = {
			isa = PBXContainerItemProxy;
			containerPortal = 6691AA28150DCFBC00D4A47A /* Project object */;
			proxyType = 1;
			remoteGlobalIDString = 665C58FF17BD7171006DECBF;
			remoteInfo = TouchShape;
		};
		6691AA5A150DCFBD00D4A47A /* PBXContainerItemProxy */ = {
			isa = PBXContainerItemProxy;
			containerPortal = 6691AA28150DCFBC00D4A47A /* Project object */;
			proxyType = 1;
			remoteGlobalIDString = 6691AA30150DCFBC00D4A47A;
			remoteInfo = TouchChart;
		};
/* End PBXContainerItemProxy section */

/* Begin PBXFileReference section */
		665C58F417BD5A19006DECBF /* TCShapeController.h */ = {isa = PBXFileReference; fileEncoding = 4; lastKnownFileType = sourcecode.c.h; path = TCShapeController.h; sourceTree = "<group>"; };
		665C58F517BD5A19006DECBF /* TCShapeController.m */ = {isa = PBXFileReference; fileEncoding = 4; lastKnownFileType = sourcecode.c.objc; path = TCShapeController.m; sourceTree = "<group>"; };
		665C58F717BD7046006DECBF /* SYPaintViewDelegate.h */ = {isa = PBXFileReference; lastKnownFileType = sourcecode.c.h; path = SYPaintViewDelegate.h; sourceTree = "<group>"; };
		665C590017BD7171006DECBF /* TouchShape.framework */ = {isa = PBXFileReference; explicitFileType = wrapper.framework.static; includeInIndex = 0; path = TouchShape.framework; sourceTree = BUILT_PRODUCTS_DIR; };
		665C590417BD7171006DECBF /* TouchShape-Info.plist */ = {isa = PBXFileReference; lastKnownFileType = text.plist.xml; path = "TouchShape-Info.plist"; sourceTree = "<group>"; };
		665C590617BD7171006DECBF /* en */ = {isa = PBXFileReference; lastKnownFileType = text.plist.strings; name = en; path = en.lproj/InfoPlist.strings; sourceTree = "<group>"; };
		665C590817BD7171006DECBF /* TouchShape-Prefix.pch */ = {isa = PBXFileReference; lastKnownFileType = sourcecode.c.h; path = "TouchShape-Prefix.pch"; sourceTree = "<group>"; };
		665C592117BD726F006DECBF /* CoreImage.framework */ = {isa = PBXFileReference; lastKnownFileType = wrapper.framework; name = CoreImage.framework; path = System/Library/Frameworks/CoreImage.framework; sourceTree = SDKROOT; };
		665C593017BD77B2006DECBF /* TouchShape.h */ = {isa = PBXFileReference; fileEncoding = 4; lastKnownFileType = sourcecode.c.h; path = TouchShape.h; sourceTree = "<group>"; };
		6691AA31150DCFBC00D4A47A /* TouchChart.app */ = {isa = PBXFileReference; explicitFileType = wrapper.application; includeInIndex = 0; path = TouchChart.app; sourceTree = BUILT_PRODUCTS_DIR; };
		6691AA35150DCFBC00D4A47A /* UIKit.framework */ = {isa = PBXFileReference; lastKnownFileType = wrapper.framework; name = UIKit.framework; path = System/Library/Frameworks/UIKit.framework; sourceTree = SDKROOT; };
		6691AA37150DCFBC00D4A47A /* Foundation.framework */ = {isa = PBXFileReference; lastKnownFileType = wrapper.framework; name = Foundation.framework; path = System/Library/Frameworks/Foundation.framework; sourceTree = SDKROOT; };
		6691AA39150DCFBC00D4A47A /* CoreGraphics.framework */ = {isa = PBXFileReference; lastKnownFileType = wrapper.framework; name = CoreGraphics.framework; path = System/Library/Frameworks/CoreGraphics.framework; sourceTree = SDKROOT; };
		6691AA3D150DCFBC00D4A47A /* TouchChart-Info.plist */ = {isa = PBXFileReference; lastKnownFileType = text.plist.xml; path = "TouchChart-Info.plist"; sourceTree = "<group>"; };
		6691AA3F150DCFBC00D4A47A /* en */ = {isa = PBXFileReference; lastKnownFileType = text.plist.strings; name = en; path = en.lproj/InfoPlist.strings; sourceTree = "<group>"; };
		6691AA41150DCFBC00D4A47A /* main.m */ = {isa = PBXFileReference; lastKnownFileType = sourcecode.c.objc; path = main.m; sourceTree = "<group>"; };
		6691AA43150DCFBC00D4A47A /* TouchChart-Prefix.pch */ = {isa = PBXFileReference; lastKnownFileType = sourcecode.c.h; path = "TouchChart-Prefix.pch"; sourceTree = "<group>"; };
		6691AA44150DCFBC00D4A47A /* TCAppDelegate.h */ = {isa = PBXFileReference; lastKnownFileType = sourcecode.c.h; path = TCAppDelegate.h; sourceTree = "<group>"; };
		6691AA45150DCFBC00D4A47A /* TCAppDelegate.m */ = {isa = PBXFileReference; lastKnownFileType = sourcecode.c.objc; path = TCAppDelegate.m; sourceTree = "<group>"; };
		6691AA47150DCFBC00D4A47A /* TCViewController.h */ = {isa = PBXFileReference; lastKnownFileType = sourcecode.c.h; path = TCViewController.h; sourceTree = "<group>"; };
		6691AA48150DCFBC00D4A47A /* TCViewController.m */ = {isa = PBXFileReference; lastKnownFileType = sourcecode.c.objc; path = TCViewController.m; sourceTree = "<group>"; };
		6691AA4B150DCFBD00D4A47A /* en */ = {isa = PBXFileReference; lastKnownFileType = file.xib; name = en; path = en.lproj/TCViewController_iPhone.xib; sourceTree = "<group>"; };
		6691AA4E150DCFBD00D4A47A /* en */ = {isa = PBXFileReference; lastKnownFileType = file.xib; name = en; path = en.lproj/TCViewController_iPad.xib; sourceTree = "<group>"; };
		6691AA55150DCFBD00D4A47A /* TouchChartTests.octest */ = {isa = PBXFileReference; explicitFileType = wrapper.cfbundle; includeInIndex = 0; path = TouchChartTests.octest; sourceTree = BUILT_PRODUCTS_DIR; };
		6691AA56150DCFBD00D4A47A /* SenTestingKit.framework */ = {isa = PBXFileReference; lastKnownFileType = wrapper.framework; name = SenTestingKit.framework; path = Library/Frameworks/SenTestingKit.framework; sourceTree = DEVELOPER_DIR; };
		6691AA5E150DCFBD00D4A47A /* TouchChartTests-Info.plist */ = {isa = PBXFileReference; lastKnownFileType = text.plist.xml; path = "TouchChartTests-Info.plist"; sourceTree = "<group>"; };
		6691AA60150DCFBD00D4A47A /* en */ = {isa = PBXFileReference; lastKnownFileType = text.plist.strings; name = en; path = en.lproj/InfoPlist.strings; sourceTree = "<group>"; };
		6691AA62150DCFBD00D4A47A /* TouchChartTests.h */ = {isa = PBXFileReference; lastKnownFileType = sourcecode.c.h; path = TouchChartTests.h; sourceTree = "<group>"; };
		6691AA63150DCFBD00D4A47A /* TouchChartTests.m */ = {isa = PBXFileReference; lastKnownFileType = sourcecode.c.objc; path = TouchChartTests.m; sourceTree = "<group>"; };
		6691AA80150DD0BA00D4A47A /* Constants.h */ = {isa = PBXFileReference; fileEncoding = 4; lastKnownFileType = sourcecode.c.h; path = Constants.h; sourceTree = "<group>"; };
		66A53A03163F1A1C003EAEC0 /* shape.png */ = {isa = PBXFileReference; lastKnownFileType = image.png; name = shape.png; path = ../shape.png; sourceTree = "<group>"; };
		66A53A06163F1A20003EAEC0 /* shape@2x.png */ = {isa = PBXFileReference; lastKnownFileType = image.png; name = "shape@2x.png"; path = "../shape@2x.png"; sourceTree = "<group>"; };
		ED0BE56615F0C1EC00EBE866 /* SYUnitTestController.h */ = {isa = PBXFileReference; fileEncoding = 4; lastKnownFileType = sourcecode.c.h; name = SYUnitTestController.h; path = Classes/NSObject/SYUnitTestController.h; sourceTree = "<group>"; };
		ED0BE56715F0C1EC00EBE866 /* SYUnitTestController.m */ = {isa = PBXFileReference; fileEncoding = 4; lastKnownFileType = sourcecode.c.objc; name = SYUnitTestController.m; path = Classes/NSObject/SYUnitTestController.m; sourceTree = "<group>"; };
		ED0BE5C215F0C7AE00EBE866 /* AudioToolbox.framework */ = {isa = PBXFileReference; lastKnownFileType = wrapper.framework; name = AudioToolbox.framework; path = System/Library/Frameworks/AudioToolbox.framework; sourceTree = SDKROOT; };
		ED0BE5C415F0C7C300EBE866 /* CFNetwork.framework */ = {isa = PBXFileReference; lastKnownFileType = wrapper.framework; name = CFNetwork.framework; path = System/Library/Frameworks/CFNetwork.framework; sourceTree = SDKROOT; };
		ED0BE5C615F0C7DC00EBE866 /* libsqlite3.dylib */ = {isa = PBXFileReference; lastKnownFileType = "compiled.mach-o.dylib"; name = libsqlite3.dylib; path = usr/lib/libsqlite3.dylib; sourceTree = SDKROOT; };
		ED0BE5C815F0C7E800EBE866 /* libz.1.1.3.dylib */ = {isa = PBXFileReference; lastKnownFileType = "compiled.mach-o.dylib"; name = libz.1.1.3.dylib; path = usr/lib/libz.1.1.3.dylib; sourceTree = SDKROOT; };
		ED0BE5CA15F0C7F300EBE866 /* MobileCoreServices.framework */ = {isa = PBXFileReference; lastKnownFileType = wrapper.framework; name = MobileCoreServices.framework; path = System/Library/Frameworks/MobileCoreServices.framework; sourceTree = SDKROOT; };
		ED0BE5CC15F0C80100EBE866 /* Security.framework */ = {isa = PBXFileReference; lastKnownFileType = wrapper.framework; name = Security.framework; path = System/Library/Frameworks/Security.framework; sourceTree = SDKROOT; };
		ED0BE5CE15F0C80A00EBE866 /* StoreKit.framework */ = {isa = PBXFileReference; lastKnownFileType = wrapper.framework; name = StoreKit.framework; path = System/Library/Frameworks/StoreKit.framework; sourceTree = SDKROOT; };
		ED0BE5D015F0C81800EBE866 /* SystemConfiguration.framework */ = {isa = PBXFileReference; lastKnownFileType = wrapper.framework; name = SystemConfiguration.framework; path = System/Library/Frameworks/SystemConfiguration.framework; sourceTree = SDKROOT; };
		ED0BE5D315F0C8F700EBE866 /* Parse.framework */ = {isa = PBXFileReference; lastKnownFileType = wrapper.framework; path = Parse.framework; sourceTree = "<group>"; };
		ED10586D15641F8500B10043 /* SYGeometry.h */ = {isa = PBXFileReference; fileEncoding = 4; lastKnownFileType = sourcecode.c.h; name = SYGeometry.h; path = Classes/Models/SYGeometry.h; sourceTree = "<group>"; };
		ED10586E15641F8500B10043 /* SYGeometry.m */ = {isa = PBXFileReference; fileEncoding = 4; lastKnownFileType = sourcecode.c.objc; name = SYGeometry.m; path = Classes/Models/SYGeometry.m; sourceTree = "<group>"; };
		ED10653A15FF5E71005C233F /* SYShape.h */ = {isa = PBXFileReference; fileEncoding = 4; lastKnownFileType = sourcecode.c.h; name = SYShape.h; path = Classes/Models/SYShape.h; sourceTree = "<group>"; };
		ED10653B15FF5E71005C233F /* SYShape.m */ = {isa = PBXFileReference; fileEncoding = 4; lastKnownFileType = sourcecode.c.objc; name = SYShape.m; path = Classes/Models/SYShape.m; sourceTree = "<group>"; };
		ED12DD2615F4C0B400FBDF00 /* UnitTestCell.xib */ = {isa = PBXFileReference; fileEncoding = 4; lastKnownFileType = file.xib; name = UnitTestCell.xib; path = XIB/UnitTestCell.xib; sourceTree = "<group>"; };
		ED12DD2915F4CDFC00FBDF00 /* SYUnitPreview.h */ = {isa = PBXFileReference; fileEncoding = 4; lastKnownFileType = sourcecode.c.h; name = SYUnitPreview.h; path = Classes/Views/SYUnitPreview.h; sourceTree = "<group>"; };
		ED12DD2A15F4CDFC00FBDF00 /* SYUnitPreview.m */ = {isa = PBXFileReference; fileEncoding = 4; lastKnownFileType = sourcecode.c.objc; name = SYUnitPreview.m; path = Classes/Views/SYUnitPreview.m; sourceTree = "<group>"; };
		ED12DD3215F5295100FBDF00 /* LoginPopupBottom.png */ = {isa = PBXFileReference; lastKnownFileType = image.png; name = LoginPopupBottom.png; path = TouchChart/Images/LoginPopupBottom.png; sourceTree = SOURCE_ROOT; };
		ED12DD3315F5295100FBDF00 /* LoginPopupMiddle.png */ = {isa = PBXFileReference; lastKnownFileType = image.png; name = LoginPopupMiddle.png; path = TouchChart/Images/LoginPopupMiddle.png; sourceTree = SOURCE_ROOT; };
		ED12DD3415F5295100FBDF00 /* LoginPopupTop.png */ = {isa = PBXFileReference; lastKnownFileType = image.png; name = LoginPopupTop.png; path = TouchChart/Images/LoginPopupTop.png; sourceTree = SOURCE_ROOT; };
		ED12DD3C15F539D100FBDF00 /* ListGlyphs.png */ = {isa = PBXFileReference; lastKnownFileType = image.png; name = ListGlyphs.png; path = TouchChart/Images/ListGlyphs.png; sourceTree = SOURCE_ROOT; };
		ED22E38D161D9AA20092B432 /* Default-568h@2x.png */ = {isa = PBXFileReference; lastKnownFileType = image.png; name = "Default-568h@2x.png"; path = "../Default-568h@2x.png"; sourceTree = "<group>"; };
		ED256D24160B44980009C871 /* SYTableBase.h */ = {isa = PBXFileReference; fileEncoding = 4; lastKnownFileType = sourcecode.c.h; name = SYTableBase.h; path = Classes/Views/Buttons/SYTableBase.h; sourceTree = "<group>"; };
		ED256D25160B44980009C871 /* SYTableBase.m */ = {isa = PBXFileReference; fileEncoding = 4; lastKnownFileType = sourcecode.c.objc; name = SYTableBase.m; path = Classes/Views/Buttons/SYTableBase.m; sourceTree = "<group>"; };
		ED2592E615BECB4000DC1DF0 /* SYBezierController.h */ = {isa = PBXFileReference; fileEncoding = 4; lastKnownFileType = sourcecode.c.h; name = SYBezierController.h; path = Classes/NSObject/SYBezierController.h; sourceTree = "<group>"; };
		ED2592E715BECB4000DC1DF0 /* SYBezierController.m */ = {isa = PBXFileReference; fileEncoding = 4; lastKnownFileType = sourcecode.c.objc; name = SYBezierController.m; path = Classes/NSObject/SYBezierController.m; sourceTree = "<group>"; };
		ED646F1B15AED566006434F8 /* Accelerate.framework */ = {isa = PBXFileReference; lastKnownFileType = wrapper.framework; name = Accelerate.framework; path = System/Library/Frameworks/Accelerate.framework; sourceTree = SDKROOT; };
		ED669882160A30B900115E68 /* SYSaveMessageView.h */ = {isa = PBXFileReference; fileEncoding = 4; lastKnownFileType = sourcecode.c.h; name = SYSaveMessageView.h; path = Classes/Views/Buttons/SYSaveMessageView.h; sourceTree = "<group>"; };
		ED669883160A30B900115E68 /* SYSaveMessageView.m */ = {isa = PBXFileReference; fileEncoding = 4; lastKnownFileType = sourcecode.c.objc; name = SYSaveMessageView.m; path = Classes/Views/Buttons/SYSaveMessageView.m; sourceTree = "<group>"; };
		ED92333A156177A600B0F505 /* OpenGLES.framework */ = {isa = PBXFileReference; lastKnownFileType = wrapper.framework; name = OpenGLES.framework; path = System/Library/Frameworks/OpenGLES.framework; sourceTree = SDKROOT; };
		ED92333C156180F600B0F505 /* QuartzCore.framework */ = {isa = PBXFileReference; lastKnownFileType = wrapper.framework; name = QuartzCore.framework; path = System/Library/Frameworks/QuartzCore.framework; sourceTree = SDKROOT; };
		ED92334415618F9E00B0F505 /* SYVectorView.h */ = {isa = PBXFileReference; fileEncoding = 4; lastKnownFileType = sourcecode.c.h; name = SYVectorView.h; path = Classes/Views/SYVectorView.h; sourceTree = "<group>"; };
		ED92334515618F9F00B0F505 /* SYVectorView.m */ = {isa = PBXFileReference; fileEncoding = 4; lastKnownFileType = sourcecode.c.objc; name = SYVectorView.m; path = Classes/Views/SYVectorView.m; sourceTree = "<group>"; };
		EDA4E76C166789E2000802C1 /* SYBezier.h */ = {isa = PBXFileReference; fileEncoding = 4; lastKnownFileType = sourcecode.c.h; name = SYBezier.h; path = Classes/Models/SYBezier.h; sourceTree = "<group>"; };
		EDA4E76D166789E2000802C1 /* SYBezier.m */ = {isa = PBXFileReference; fileEncoding = 4; lastKnownFileType = sourcecode.c.objc; name = SYBezier.m; path = Classes/Models/SYBezier.m; sourceTree = "<group>"; };
		EDE9DE1D1573EF5D009CC5EA /* SYPaintView.h */ = {isa = PBXFileReference; fileEncoding = 4; lastKnownFileType = sourcecode.c.h; name = SYPaintView.h; path = Classes/Views/SYPaintView.h; sourceTree = "<group>"; };
		EDE9DE1E1573EF5D009CC5EA /* SYPaintView.m */ = {isa = PBXFileReference; fileEncoding = 4; lastKnownFileType = sourcecode.c.objc; name = SYPaintView.m; path = Classes/Views/SYPaintView.m; sourceTree = "<group>"; };
		EDF3BD2F15796AC70026B9C2 /* SYSegment.h */ = {isa = PBXFileReference; fileEncoding = 4; lastKnownFileType = sourcecode.c.h; name = SYSegment.h; path = Classes/Models/SYSegment.h; sourceTree = "<group>"; };
		EDF3BD3015796AC70026B9C2 /* SYSegment.m */ = {isa = PBXFileReference; fileEncoding = 4; lastKnownFileType = sourcecode.c.objc; name = SYSegment.m; path = Classes/Models/SYSegment.m; sourceTree = "<group>"; };
/* End PBXFileReference section */

/* Begin PBXFrameworksBuildPhase section */
		665C58FA17BD7171006DECBF /* Frameworks */ = {
			isa = PBXFrameworksBuildPhase;
			buildActionMask = 2147483647;
			files = (
				665C592317BD728D006DECBF /* UIKit.framework in Frameworks */,
				665C592217BD726F006DECBF /* CoreImage.framework in Frameworks */,
				665C592017BD7231006DECBF /* CoreGraphics.framework in Frameworks */,
				665C591F17BD721F006DECBF /* QuartzCore.framework in Frameworks */,
				665C590117BD7171006DECBF /* Foundation.framework in Frameworks */,
			);
			runOnlyForDeploymentPostprocessing = 0;
		};
		6691AA2E150DCFBC00D4A47A /* Frameworks */ = {
			isa = PBXFrameworksBuildPhase;
			buildActionMask = 2147483647;
			files = (
				665C592417BD72D7006DECBF /* TouchShape.framework in Frameworks */,
				ED0BE5D415F0C8F700EBE866 /* Parse.framework in Frameworks */,
				ED0BE5D115F0C81800EBE866 /* SystemConfiguration.framework in Frameworks */,
				ED0BE5CF15F0C80A00EBE866 /* StoreKit.framework in Frameworks */,
				ED0BE5CD15F0C80100EBE866 /* Security.framework in Frameworks */,
				ED0BE5CB15F0C7F300EBE866 /* MobileCoreServices.framework in Frameworks */,
				ED0BE5C915F0C7E800EBE866 /* libz.1.1.3.dylib in Frameworks */,
				ED0BE5C715F0C7DC00EBE866 /* libsqlite3.dylib in Frameworks */,
				ED0BE5C515F0C7C300EBE866 /* CFNetwork.framework in Frameworks */,
				ED0BE5C315F0C7AE00EBE866 /* AudioToolbox.framework in Frameworks */,
				ED646F1C15AED566006434F8 /* Accelerate.framework in Frameworks */,
				ED92333D156180F600B0F505 /* QuartzCore.framework in Frameworks */,
				ED92333B156177A600B0F505 /* OpenGLES.framework in Frameworks */,
				6691AA36150DCFBC00D4A47A /* UIKit.framework in Frameworks */,
				6691AA38150DCFBC00D4A47A /* Foundation.framework in Frameworks */,
				6691AA3A150DCFBC00D4A47A /* CoreGraphics.framework in Frameworks */,
			);
			runOnlyForDeploymentPostprocessing = 0;
		};
		6691AA51150DCFBD00D4A47A /* Frameworks */ = {
			isa = PBXFrameworksBuildPhase;
			buildActionMask = 2147483647;
			files = (
				6691AA57150DCFBD00D4A47A /* SenTestingKit.framework in Frameworks */,
				6691AA58150DCFBD00D4A47A /* UIKit.framework in Frameworks */,
				6691AA59150DCFBD00D4A47A /* Foundation.framework in Frameworks */,
			);
			runOnlyForDeploymentPostprocessing = 0;
		};
/* End PBXFrameworksBuildPhase section */

/* Begin PBXGroup section */
		665C58F317BD591B006DECBF /* Data Controller */ = {
			isa = PBXGroup;
			children = (
				665C58F417BD5A19006DECBF /* TCShapeController.h */,
				665C58F517BD5A19006DECBF /* TCShapeController.m */,
				ED2592E615BECB4000DC1DF0 /* SYBezierController.h */,
				ED2592E715BECB4000DC1DF0 /* SYBezierController.m */,
			);
			name = "Data Controller";
			sourceTree = "<group>";
		};
		665C590217BD7171006DECBF /* TouchShape */ = {
			isa = PBXGroup;
			children = (
				665C590317BD7171006DECBF /* Supporting Files */,
			);
			path = TouchShape;
			sourceTree = "<group>";
		};
		665C590317BD7171006DECBF /* Supporting Files */ = {
			isa = PBXGroup;
			children = (
				665C590417BD7171006DECBF /* TouchShape-Info.plist */,
				665C590517BD7171006DECBF /* InfoPlist.strings */,
				665C590817BD7171006DECBF /* TouchShape-Prefix.pch */,
			);
			name = "Supporting Files";
			sourceTree = "<group>";
		};
		6691AA26150DCFBC00D4A47A = {
			isa = PBXGroup;
			children = (
				6691AA3B150DCFBC00D4A47A /* TouchChart */,
				6691AA5C150DCFBD00D4A47A /* TouchChartTests */,
				665C590217BD7171006DECBF /* TouchShape */,
				6691AA34150DCFBC00D4A47A /* Frameworks */,
				6691AA32150DCFBC00D4A47A /* Products */,
			);
			sourceTree = "<group>";
		};
		6691AA32150DCFBC00D4A47A /* Products */ = {
			isa = PBXGroup;
			children = (
				6691AA31150DCFBC00D4A47A /* TouchChart.app */,
				6691AA55150DCFBD00D4A47A /* TouchChartTests.octest */,
				665C590017BD7171006DECBF /* TouchShape.framework */,
			);
			name = Products;
			sourceTree = "<group>";
		};
		6691AA34150DCFBC00D4A47A /* Frameworks */ = {
			isa = PBXGroup;
			children = (
				665C592117BD726F006DECBF /* CoreImage.framework */,
				ED0BE5D215F0C81F00EBE866 /* Parse */,
				ED646F1B15AED566006434F8 /* Accelerate.framework */,
				ED92333C156180F600B0F505 /* QuartzCore.framework */,
				6691AA35150DCFBC00D4A47A /* UIKit.framework */,
				6691AA37150DCFBC00D4A47A /* Foundation.framework */,
				6691AA39150DCFBC00D4A47A /* CoreGraphics.framework */,
				6691AA56150DCFBD00D4A47A /* SenTestingKit.framework */,
			);
			name = Frameworks;
			sourceTree = "<group>";
		};
		6691AA3B150DCFBC00D4A47A /* TouchChart */ = {
			isa = PBXGroup;
			children = (
				ED66A49316513D59002F427B /* Test Classes */,
				ED92333E1561825D00B0F505 /* View Controllers */,
				665C58F317BD591B006DECBF /* Data Controller */,
				ED9233351561774000B0F505 /* Views */,
				ED10585815640D9C00B10043 /* Model */,
				6691AA85150DD1AB00D4A47A /* AppDelegate */,
				ED92333F1561827C00B0F505 /* XIB */,
				6691AA3C150DCFBC00D4A47A /* Supporting Files */,
				6691AA80150DD0BA00D4A47A /* Constants.h */,
				665C593017BD77B2006DECBF /* TouchShape.h */,
			);
			path = TouchChart;
			sourceTree = "<group>";
		};
		6691AA3C150DCFBC00D4A47A /* Supporting Files */ = {
			isa = PBXGroup;
			children = (
				66A53A06163F1A20003EAEC0 /* shape@2x.png */,
				66A53A03163F1A1C003EAEC0 /* shape.png */,
				6691AA3D150DCFBC00D4A47A /* TouchChart-Info.plist */,
				6691AA3E150DCFBC00D4A47A /* InfoPlist.strings */,
				6691AA41150DCFBC00D4A47A /* main.m */,
				6691AA43150DCFBC00D4A47A /* TouchChart-Prefix.pch */,
			);
			name = "Supporting Files";
			sourceTree = "<group>";
		};
		6691AA5C150DCFBD00D4A47A /* TouchChartTests */ = {
			isa = PBXGroup;
			children = (
				6691AA62150DCFBD00D4A47A /* TouchChartTests.h */,
				6691AA63150DCFBD00D4A47A /* TouchChartTests.m */,
				ED923340156185D100B0F505 /* Images */,
				6691AA5D150DCFBD00D4A47A /* Supporting Files */,
			);
			path = TouchChartTests;
			sourceTree = "<group>";
		};
		6691AA5D150DCFBD00D4A47A /* Supporting Files */ = {
			isa = PBXGroup;
			children = (
				6691AA5E150DCFBD00D4A47A /* TouchChartTests-Info.plist */,
				6691AA5F150DCFBD00D4A47A /* InfoPlist.strings */,
			);
			name = "Supporting Files";
			sourceTree = "<group>";
		};
		6691AA85150DD1AB00D4A47A /* AppDelegate */ = {
			isa = PBXGroup;
			children = (
				6691AA44150DCFBC00D4A47A /* TCAppDelegate.h */,
				6691AA45150DCFBC00D4A47A /* TCAppDelegate.m */,
			);
			name = AppDelegate;
			sourceTree = "<group>";
		};
		ED0BE5D215F0C81F00EBE866 /* Parse */ = {
			isa = PBXGroup;
			children = (
				ED0BE5D315F0C8F700EBE866 /* Parse.framework */,
				ED92333A156177A600B0F505 /* OpenGLES.framework */,
				ED0BE5D015F0C81800EBE866 /* SystemConfiguration.framework */,
				ED0BE5CE15F0C80A00EBE866 /* StoreKit.framework */,
				ED0BE5CC15F0C80100EBE866 /* Security.framework */,
				ED0BE5CA15F0C7F300EBE866 /* MobileCoreServices.framework */,
				ED0BE5C815F0C7E800EBE866 /* libz.1.1.3.dylib */,
				ED0BE5C615F0C7DC00EBE866 /* libsqlite3.dylib */,
				ED0BE5C415F0C7C300EBE866 /* CFNetwork.framework */,
				ED0BE5C215F0C7AE00EBE866 /* AudioToolbox.framework */,
			);
			name = Parse;
			sourceTree = "<group>";
		};
		ED10585815640D9C00B10043 /* Model */ = {
			isa = PBXGroup;
			children = (
				ED10653A15FF5E71005C233F /* SYShape.h */,
				ED10653B15FF5E71005C233F /* SYShape.m */,
				ED10586D15641F8500B10043 /* SYGeometry.h */,
				ED10586E15641F8500B10043 /* SYGeometry.m */,
				EDF3BD2F15796AC70026B9C2 /* SYSegment.h */,
				EDF3BD3015796AC70026B9C2 /* SYSegment.m */,
				EDA4E76C166789E2000802C1 /* SYBezier.h */,
				EDA4E76D166789E2000802C1 /* SYBezier.m */,
			);
			name = Model;
			sourceTree = "<group>";
		};
		ED12DD3815F537BA00FBDF00 /* Paint Code */ = {
			isa = PBXGroup;
			children = (
				ED669882160A30B900115E68 /* SYSaveMessageView.h */,
				ED669883160A30B900115E68 /* SYSaveMessageView.m */,
				ED256D24160B44980009C871 /* SYTableBase.h */,
				ED256D25160B44980009C871 /* SYTableBase.m */,
			);
			name = "Paint Code";
			sourceTree = "<group>";
		};
		ED66A49316513D59002F427B /* Test Classes */ = {
			isa = PBXGroup;
			children = (
				ED0BE56615F0C1EC00EBE866 /* SYUnitTestController.h */,
				ED0BE56715F0C1EC00EBE866 /* SYUnitTestController.m */,
				ED12DD2915F4CDFC00FBDF00 /* SYUnitPreview.h */,
				ED12DD2A15F4CDFC00FBDF00 /* SYUnitPreview.m */,
				ED12DD3815F537BA00FBDF00 /* Paint Code */,
			);
			name = "Test Classes";
			sourceTree = "<group>";
		};
		ED9233351561774000B0F505 /* Views */ = {
			isa = PBXGroup;
			children = (
				EDE9DE1D1573EF5D009CC5EA /* SYPaintView.h */,
				EDE9DE1E1573EF5D009CC5EA /* SYPaintView.m */,
				665C58F717BD7046006DECBF /* SYPaintViewDelegate.h */,
				ED92334415618F9E00B0F505 /* SYVectorView.h */,
				ED92334515618F9F00B0F505 /* SYVectorView.m */,
			);
			name = Views;
			sourceTree = "<group>";
		};
		ED92333E1561825D00B0F505 /* View Controllers */ = {
			isa = PBXGroup;
			children = (
				6691AA47150DCFBC00D4A47A /* TCViewController.h */,
				6691AA48150DCFBC00D4A47A /* TCViewController.m */,
			);
			name = "View Controllers";
			sourceTree = "<group>";
		};
		ED92333F1561827C00B0F505 /* XIB */ = {
			isa = PBXGroup;
			children = (
				6691AA4D150DCFBD00D4A47A /* TCViewController_iPad.xib */,
				6691AA4A150DCFBD00D4A47A /* TCViewController_iPhone.xib */,
				ED12DD2615F4C0B400FBDF00 /* UnitTestCell.xib */,
			);
			name = XIB;
			sourceTree = "<group>";
		};
		ED923340156185D100B0F505 /* Images */ = {
			isa = PBXGroup;
			children = (
				ED22E38D161D9AA20092B432 /* Default-568h@2x.png */,
				ED12DD3C15F539D100FBDF00 /* ListGlyphs.png */,
				ED12DD3215F5295100FBDF00 /* LoginPopupBottom.png */,
				ED12DD3315F5295100FBDF00 /* LoginPopupMiddle.png */,
				ED12DD3415F5295100FBDF00 /* LoginPopupTop.png */,
			);
			name = Images;
			sourceTree = "<group>";
		};
/* End PBXGroup section */

/* Begin PBXHeadersBuildPhase section */
		665C58FB17BD7171006DECBF /* Headers */ = {
			isa = PBXHeadersBuildPhase;
			buildActionMask = 2147483647;
			files = (
				665C593117BD77B2006DECBF /* TouchShape.h in Headers */,
				665C591617BD71E4006DECBF /* TCShapeController.h in Headers */,
				665C591817BD71E4006DECBF /* SYPaintView.h in Headers */,
				665C591917BD71E4006DECBF /* SYPaintViewDelegate.h in Headers */,
				665C591A17BD71E4006DECBF /* SYVectorView.h in Headers */,
				665C591B17BD71E4006DECBF /* SYShape.h in Headers */,
				665C591C17BD71E4006DECBF /* SYGeometry.h in Headers */,
				665C591E17BD71E4006DECBF /* SYBezier.h in Headers */,
				665C591D17BD71E4006DECBF /* SYSegment.h in Headers */,
				665C591717BD71E4006DECBF /* SYBezierController.h in Headers */,
			);
			runOnlyForDeploymentPostprocessing = 0;
		};
/* End PBXHeadersBuildPhase section */

/* Begin PBXNativeTarget section */
		665C58FF17BD7171006DECBF /* TouchShape */ = {
			isa = PBXNativeTarget;
			buildConfigurationList = 665C590917BD7171006DECBF /* Build configuration list for PBXNativeTarget "TouchShape" */;
			buildPhases = (
				665C58F817BD7171006DECBF /* ShellScript */,
				665C58F917BD7171006DECBF /* Sources */,
				665C58FA17BD7171006DECBF /* Frameworks */,
				665C58FB17BD7171006DECBF /* Headers */,
				665C58FC17BD7171006DECBF /* Resources */,
				665C58FD17BD7171006DECBF /* ShellScript */,
				665C58FE17BD7171006DECBF /* ShellScript */,
			);
			buildRules = (
			);
			dependencies = (
			);
			name = TouchShape;
			productName = TouchShape;
			productReference = 665C590017BD7171006DECBF /* TouchShape.framework */;
			productType = "com.apple.product-type.framework.static";
		};
		6691AA30150DCFBC00D4A47A /* TouchChart */ = {
			isa = PBXNativeTarget;
			buildConfigurationList = 6691AA67150DCFBD00D4A47A /* Build configuration list for PBXNativeTarget "TouchChart" */;
			buildPhases = (
				6691AA2D150DCFBC00D4A47A /* Sources */,
				6691AA2E150DCFBC00D4A47A /* Frameworks */,
				6691AA2F150DCFBC00D4A47A /* Resources */,
			);
			buildRules = (
			);
			dependencies = (
				665C591517BD71B9006DECBF /* PBXTargetDependency */,
			);
			name = TouchChart;
			productName = TouchChart;
			productReference = 6691AA31150DCFBC00D4A47A /* TouchChart.app */;
			productType = "com.apple.product-type.application";
		};
		6691AA54150DCFBD00D4A47A /* TouchChartTests */ = {
			isa = PBXNativeTarget;
			buildConfigurationList = 6691AA6A150DCFBD00D4A47A /* Build configuration list for PBXNativeTarget "TouchChartTests" */;
			buildPhases = (
				6691AA50150DCFBD00D4A47A /* Sources */,
				6691AA51150DCFBD00D4A47A /* Frameworks */,
				6691AA52150DCFBD00D4A47A /* Resources */,
				6691AA53150DCFBD00D4A47A /* ShellScript */,
			);
			buildRules = (
			);
			dependencies = (
				6691AA5B150DCFBD00D4A47A /* PBXTargetDependency */,
			);
			name = TouchChartTests;
			productName = TouchChartTests;
			productReference = 6691AA55150DCFBD00D4A47A /* TouchChartTests.octest */;
			productType = "com.apple.product-type.bundle";
		};
/* End PBXNativeTarget section */

/* Begin PBXProject section */
		6691AA28150DCFBC00D4A47A /* Project object */ = {
			isa = PBXProject;
			attributes = {
				CLASSPREFIX = TC;
				LastUpgradeCheck = 0500;
			};
			buildConfigurationList = 6691AA2B150DCFBC00D4A47A /* Build configuration list for PBXProject "TouchChart" */;
			compatibilityVersion = "Xcode 3.2";
			developmentRegion = English;
			hasScannedForEncodings = 0;
			knownRegions = (
				en,
			);
			mainGroup = 6691AA26150DCFBC00D4A47A;
			productRefGroup = 6691AA32150DCFBC00D4A47A /* Products */;
			projectDirPath = "";
			projectRoot = "";
			targets = (
				6691AA30150DCFBC00D4A47A /* TouchChart */,
				6691AA54150DCFBD00D4A47A /* TouchChartTests */,
				665C58FF17BD7171006DECBF /* TouchShape */,
			);
		};
/* End PBXProject section */

/* Begin PBXResourcesBuildPhase section */
		665C58FC17BD7171006DECBF /* Resources */ = {
			isa = PBXResourcesBuildPhase;
			buildActionMask = 2147483647;
			files = (
				665C590717BD7171006DECBF /* InfoPlist.strings in Resources */,
			);
			runOnlyForDeploymentPostprocessing = 0;
		};
		6691AA2F150DCFBC00D4A47A /* Resources */ = {
			isa = PBXResourcesBuildPhase;
			buildActionMask = 2147483647;
			files = (
				6691AA40150DCFBC00D4A47A /* InfoPlist.strings in Resources */,
				6691AA4C150DCFBD00D4A47A /* TCViewController_iPhone.xib in Resources */,
				6691AA4F150DCFBD00D4A47A /* TCViewController_iPad.xib in Resources */,
				ED12DD2715F4C0B400FBDF00 /* UnitTestCell.xib in Resources */,
				ED12DD3515F5295200FBDF00 /* LoginPopupBottom.png in Resources */,
				ED12DD3615F5295200FBDF00 /* LoginPopupMiddle.png in Resources */,
				ED12DD3715F5295200FBDF00 /* LoginPopupTop.png in Resources */,
				ED12DD3D15F539D100FBDF00 /* ListGlyphs.png in Resources */,
				ED22E38E161D9AA20092B432 /* Default-568h@2x.png in Resources */,
				66A53A04163F1A1C003EAEC0 /* shape.png in Resources */,
				66A53A07163F1A20003EAEC0 /* shape@2x.png in Resources */,
			);
			runOnlyForDeploymentPostprocessing = 0;
		};
		6691AA52150DCFBD00D4A47A /* Resources */ = {
			isa = PBXResourcesBuildPhase;
			buildActionMask = 2147483647;
			files = (
				6691AA61150DCFBD00D4A47A /* InfoPlist.strings in Resources */,
			);
			runOnlyForDeploymentPostprocessing = 0;
		};
/* End PBXResourcesBuildPhase section */

/* Begin PBXShellScriptBuildPhase section */
		665C58F817BD7171006DECBF /* ShellScript */ = {
			isa = PBXShellScriptBuildPhase;
			buildActionMask = 2147483647;
			files = (
			);
			inputPaths = (
			);
			outputPaths = (
			);
			runOnlyForDeploymentPostprocessing = 0;
			shellPath = /bin/sh;
			shellScript = "set -e\n\nset +u\nif [[ $UFW_MASTER_SCRIPT_RUNNING ]]\nthen\n    # Nothing for the slave script to do\n    exit 0\nfi\nset -u\n\nif [[ \"$SDK_NAME\" =~ ([A-Za-z]+) ]]\nthen\n    UFW_SDK_PLATFORM=${BASH_REMATCH[1]}\nelse\n    echo \"Could not find platform name from SDK_NAME: $SDK_NAME\"\n    exit 1\nfi\n\nif [[ \"$SDK_NAME\" =~ ([0-9]+.*$) ]]\nthen\n\tUFW_SDK_VERSION=${BASH_REMATCH[1]}\nelse\n    echo \"Could not find sdk version  from SDK_NAME: $SDK_NAME\"\n    exit 1\nfi\n\nif [[ \"$UFW_SDK_PLATFORM\" = \"iphoneos\" ]]\nthen\n    UFW_OTHER_PLATFORM=iphonesimulator\nelse\n    UFW_OTHER_PLATFORM=iphoneos\nfi\n\nif [[ \"$BUILT_PRODUCTS_DIR\" =~ (.*)$UFW_SDK_PLATFORM$ ]]\nthen\n    UFW_OTHER_BUILT_PRODUCTS_DIR=\"${BASH_REMATCH[1]}${UFW_OTHER_PLATFORM}\"\nelse\n    echo \"Could not find $UFW_SDK_PLATFORM in $BUILT_PRODUCTS_DIR\"\n    exit 1\nfi\n\nONLY_ACTIVE_PLATFORM=${ONLY_ACTIVE_PLATFORM:-$ONLY_ACTIVE_ARCH}\n\n# Short-circuit if all binaries are up to date\n\nif [[ -f \"${BUILT_PRODUCTS_DIR}/${EXECUTABLE_PATH}\" ]] && \\\n   [[ -f \"${BUILT_PRODUCTS_DIR}/${PRODUCT_NAME}.embeddedframework/${EXECUTABLE_PATH}\" ]] && \\\n   [[ ! \"${BUILT_PRODUCTS_DIR}/${EXECUTABLE_PATH}\" -nt \"${BUILT_PRODUCTS_DIR}/${PRODUCT_NAME}.embeddedframework/${EXECUTABLE_PATH}\" ]] && \\\n  ([[ \"${ONLY_ACTIVE_PLATFORM}\" == \"YES\" ]] || \\\n    ([[ -f \"${UFW_OTHER_BUILT_PRODUCTS_DIR}/${EXECUTABLE_PATH}\" ]] && \\\n     [[ -f \"${UFW_OTHER_BUILT_PRODUCTS_DIR}/${PRODUCT_NAME}.embeddedframework/${EXECUTABLE_PATH}\" ]] && \\\n     [[ ! \"${UFW_OTHER_BUILT_PRODUCTS_DIR}/${EXECUTABLE_PATH}\" -nt \"${UFW_OTHER_BUILT_PRODUCTS_DIR}/${PRODUCT_NAME}.embeddedframework/${EXECUTABLE_PATH}\" ]]\n    )\n  )\nthen\n    exit 0\nfi\n\n\n# Clean other platform if needed\n\nif [[ ! -f \"${BUILT_PRODUCTS_DIR}/${EXECUTABLE_PATH}\" ]] && [[ \"${ONLY_ACTIVE_PLATFORM}\" != \"YES\" ]]\nthen\n\techo \"Platform \\\"$UFW_SDK_PLATFORM\\\" was cleaned recently. Cleaning \\\"$UFW_OTHER_PLATFORM\\\" as well\"\n\techo xcodebuild -project \"${PROJECT_FILE_PATH}\" -target \"${TARGET_NAME}\" -configuration \"${CONFIGURATION}\" -sdk ${UFW_OTHER_PLATFORM}${UFW_SDK_VERSION} BUILD_DIR=\"${BUILD_DIR}\" CONFIGURATION_TEMP_DIR=\"${PROJECT_TEMP_DIR}/${CONFIGURATION}-${UFW_OTHER_PLATFORM}\" clean\n\txcodebuild -project \"${PROJECT_FILE_PATH}\" -target \"${TARGET_NAME}\" -configuration \"${CONFIGURATION}\" -sdk ${UFW_OTHER_PLATFORM}${UFW_SDK_VERSION} BUILD_DIR=\"${BUILD_DIR}\" CONFIGURATION_TEMP_DIR=\"${PROJECT_TEMP_DIR}/${CONFIGURATION}-${UFW_OTHER_PLATFORM}\" clean\nfi\n\n\n# Make sure we are building from fresh binaries\n\nrm -rf \"${BUILT_PRODUCTS_DIR}/${EXECUTABLE_PATH}\"\nrm -rf \"${BUILT_PRODUCTS_DIR}/${PRODUCT_NAME}.embeddedframework\"\n\nif [[ \"${ONLY_ACTIVE_PLATFORM}\" != \"YES\" ]]\nthen\n    rm -rf \"${UFW_OTHER_BUILT_PRODUCTS_DIR}/${EXECUTABLE_PATH}\"\n    rm -rf \"${UFW_OTHER_BUILT_PRODUCTS_DIR}/${PRODUCT_NAME}.embeddedframework\"\nfi\n";
		};
		665C58FD17BD7171006DECBF /* ShellScript */ = {
			isa = PBXShellScriptBuildPhase;
			buildActionMask = 2147483647;
			files = (
			);
			inputPaths = (
			);
			outputPaths = (
			);
			runOnlyForDeploymentPostprocessing = 0;
			shellPath = /bin/sh;
			shellScript = "HEADERS_ROOT=$SRCROOT/$PRODUCT_NAME\nFRAMEWORK_HEADERS_DIR=\"$BUILT_PRODUCTS_DIR/$WRAPPER_NAME/Versions/$FRAMEWORK_VERSION/Headers\"\n\n## only header files expected at this point\nPUBLIC_HEADERS=$(find $FRAMEWORK_HEADERS_DIR/. -not -type d 2> /dev/null | sed -e \"s@.*/@@g\")\n\nFIND_OPTS=\"\"\nfor PUBLIC_HEADER in $PUBLIC_HEADERS; do\n  if [ -n \"$FIND_OPTS\" ]; then\n    FIND_OPTS=\"$FIND_OPTS -o\"\n  fi\n  FIND_OPTS=\"$FIND_OPTS -name '$PUBLIC_HEADER'\"\ndone\n\nif [ -n \"$FIND_OPTS\" ]; then\n  for ORIG_HEADER in $(eval \"find $HEADERS_ROOT/. $FIND_OPTS\" 2> /dev/null | sed -e \"s@^$HEADERS_ROOT/./@@g\"); do\n    PUBLIC_HEADER=$(basename $ORIG_HEADER)\n    RELATIVE_PATH=$(dirname $ORIG_HEADER)\n    if [ -e $FRAMEWORK_HEADERS_DIR/$PUBLIC_HEADER ]; then\n      mkdir -p \"$FRAMEWORK_HEADERS_DIR/$RELATIVE_PATH\"\n      mv \"$FRAMEWORK_HEADERS_DIR/$PUBLIC_HEADER\" \"$FRAMEWORK_HEADERS_DIR/$RELATIVE_PATH/$PUBLIC_HEADER\"\n    fi\n  done\nfi\n";
		};
		665C58FE17BD7171006DECBF /* ShellScript */ = {
			isa = PBXShellScriptBuildPhase;
			buildActionMask = 2147483647;
			files = (
			);
			inputPaths = (
			);
			outputPaths = (
			);
			runOnlyForDeploymentPostprocessing = 0;
			shellPath = /bin/sh;
			shellScript = "set -e\n\nset +u\nif [[ $UFW_MASTER_SCRIPT_RUNNING ]]\nthen\n    # Nothing for the slave script to do\n    exit 0\nfi\nset -u\nexport UFW_MASTER_SCRIPT_RUNNING=1\n\n\n# Functions\n\n## List files in the specified directory, storing to the specified array.\n#\n# @param $1 The path to list\n# @param $2 The name of the array to fill\n#\n##\nlist_files ()\n{\n    filelist=$(ls \"$1\")\n    while read line\n    do\n        eval \"$2[\\${#$2[*]}]=\\\"\\$line\\\"\"\n    done <<< \"$filelist\"\n}\n\n\n# Sanity check\n\nif [[ ! -f \"${BUILT_PRODUCTS_DIR}/${EXECUTABLE_PATH}\" ]]\nthen\n    echo \"Framework target \\\"${TARGET_NAME}\\\" had no source files to build from. Make sure your source files have the correct target membership\"\n    exit 1\nfi\n\n\n# Gather information\n\nif [[ \"$SDK_NAME\" =~ ([A-Za-z]+) ]]\nthen\n    UFW_SDK_PLATFORM=${BASH_REMATCH[1]}\nelse\n    echo \"Could not find platform name from SDK_NAME: $SDK_NAME\"\n    exit 1\nfi\n\nif [[ \"$SDK_NAME\" =~ ([0-9]+.*$) ]]\nthen\n    UFW_SDK_VERSION=${BASH_REMATCH[1]}\nelse\n    echo \"Could not find sdk version from SDK_NAME: $SDK_NAME\"\n    exit 1\nfi\n\nif [[ \"$UFW_SDK_PLATFORM\" = \"iphoneos\" ]]\nthen\n    UFW_OTHER_PLATFORM=iphonesimulator\nelse\n    UFW_OTHER_PLATFORM=iphoneos\nfi\n\nif [[ \"$BUILT_PRODUCTS_DIR\" =~ (.*)$UFW_SDK_PLATFORM$ ]]\nthen\n    UFW_OTHER_BUILT_PRODUCTS_DIR=\"${BASH_REMATCH[1]}${UFW_OTHER_PLATFORM}\"\nelse\n    echo \"Could not find $UFW_SDK_PLATFORM in $BUILT_PRODUCTS_DIR\"\n    exit 1\nfi\n\nONLY_ACTIVE_PLATFORM=${ONLY_ACTIVE_PLATFORM:-$ONLY_ACTIVE_ARCH}\n\n# Short-circuit if all binaries are up to date.\n# We already checked the other platform in the prerun script.\n\nif [[ -f \"${BUILT_PRODUCTS_DIR}/${EXECUTABLE_PATH}\" ]] && [[ -f \"${BUILT_PRODUCTS_DIR}/${PRODUCT_NAME}.embeddedframework/${EXECUTABLE_PATH}\" ]] && [[ ! \"${BUILT_PRODUCTS_DIR}/${EXECUTABLE_PATH}\" -nt \"${BUILT_PRODUCTS_DIR}/${PRODUCT_NAME}.embeddedframework/${EXECUTABLE_PATH}\" ]]\nthen\n    exit 0\nfi\n\nif [ \"${ONLY_ACTIVE_PLATFORM}\" == \"YES\" ]\nthen\n    echo \"ONLY_ACTIVE_PLATFORM=${ONLY_ACTIVE_PLATFORM}: Skipping other platform build\"\nelse\n    # Make sure the other platform gets built\n    \n    echo \"Build other platform\"\n    \n    echo xcodebuild -project \"${PROJECT_FILE_PATH}\" -target \"${TARGET_NAME}\" -configuration \"${CONFIGURATION}\" -sdk ${UFW_OTHER_PLATFORM}${UFW_SDK_VERSION} BUILD_DIR=\"${BUILD_DIR}\" CONFIGURATION_TEMP_DIR=\"${PROJECT_TEMP_DIR}/${CONFIGURATION}-${UFW_OTHER_PLATFORM}\" $ACTION\n    xcodebuild -project \"${PROJECT_FILE_PATH}\" -target \"${TARGET_NAME}\" -configuration \"${CONFIGURATION}\" -sdk ${UFW_OTHER_PLATFORM}${UFW_SDK_VERSION} BUILD_DIR=\"${BUILD_DIR}\" CONFIGURATION_TEMP_DIR=\"${PROJECT_TEMP_DIR}/${CONFIGURATION}-${UFW_OTHER_PLATFORM}\" $ACTION\n    \n    \n    # Build the fat static library binary\n    \n    echo \"Create universal static library\"\n    \n    echo \"$PLATFORM_DEVELOPER_BIN_DIR/libtool\" -static \"${BUILT_PRODUCTS_DIR}/${EXECUTABLE_PATH}\" \"${UFW_OTHER_BUILT_PRODUCTS_DIR}/${EXECUTABLE_PATH}\" -o \"${BUILT_PRODUCTS_DIR}/${EXECUTABLE_PATH}.temp\"\n    \"$PLATFORM_DEVELOPER_BIN_DIR/libtool\" -static \"${BUILT_PRODUCTS_DIR}/${EXECUTABLE_PATH}\" \"${UFW_OTHER_BUILT_PRODUCTS_DIR}/${EXECUTABLE_PATH}\" -o \"${BUILT_PRODUCTS_DIR}/${EXECUTABLE_PATH}.temp\"\n    \n    echo mv \"${BUILT_PRODUCTS_DIR}/${EXECUTABLE_PATH}.temp\" \"${BUILT_PRODUCTS_DIR}/${EXECUTABLE_PATH}\"\n    mv \"${BUILT_PRODUCTS_DIR}/${EXECUTABLE_PATH}.temp\" \"${BUILT_PRODUCTS_DIR}/${EXECUTABLE_PATH}\"\nfi\n\n# Build embedded framework structure\n\necho \"Build Embedded Framework\"\n\necho rm -rf \"${BUILT_PRODUCTS_DIR}/${PRODUCT_NAME}.embeddedframework\"\nrm -rf \"${BUILT_PRODUCTS_DIR}/${PRODUCT_NAME}.embeddedframework\"\necho mkdir -p \"${BUILT_PRODUCTS_DIR}/${PRODUCT_NAME}.embeddedframework/Resources\"\nmkdir -p \"${BUILT_PRODUCTS_DIR}/${PRODUCT_NAME}.embeddedframework/Resources\"\necho cp -a \"${BUILT_PRODUCTS_DIR}/${WRAPPER_NAME}\" \"${BUILT_PRODUCTS_DIR}/${PRODUCT_NAME}.embeddedframework/\"\ncp -a \"${BUILT_PRODUCTS_DIR}/${WRAPPER_NAME}\" \"${BUILT_PRODUCTS_DIR}/${PRODUCT_NAME}.embeddedframework/\"\n\ndeclare -a UFW_FILE_LIST\nlist_files \"${BUILT_PRODUCTS_DIR}/${UNLOCALIZED_RESOURCES_FOLDER_PATH}\" UFW_FILE_LIST\nfor filename in \"${UFW_FILE_LIST[@]}\"\ndo\n    if [[ \"${filename}\" != \"Info.plist\" ]] && [[ ! \"${filename}\" =~ .*\\.lproj$ ]]\n    then\n        echo ln -sfh \"../${WRAPPER_NAME}/Resources/${filename}\" \"${BUILT_PRODUCTS_DIR}/${PRODUCT_NAME}.embeddedframework/Resources/${filename}\"\n        ln -sfh \"../${WRAPPER_NAME}/Resources/${filename}\" \"${BUILT_PRODUCTS_DIR}/${PRODUCT_NAME}.embeddedframework/Resources/${filename}\"\n    fi\ndone\n\n\nif [ \"${ONLY_ACTIVE_PLATFORM}\" != \"YES\" ]\nthen\n    # Replace other platform's framework with a copy of this one (so that both have the same universal binary)\n    \n    echo \"Copy from $UFW_SDK_PLATFORM to $UFW_OTHER_PLATFORM\"\n    \n    echo rm -rf \"${BUILD_DIR}/${CONFIGURATION}-${UFW_OTHER_PLATFORM}\"\n    rm -rf \"${BUILD_DIR}/${CONFIGURATION}-${UFW_OTHER_PLATFORM}\"\n    echo cp -a \"${BUILD_DIR}/${CONFIGURATION}-${UFW_SDK_PLATFORM}\" \"${BUILD_DIR}/${CONFIGURATION}-${UFW_OTHER_PLATFORM}\"\n    cp -a \"${BUILD_DIR}/${CONFIGURATION}-${UFW_SDK_PLATFORM}\" \"${BUILD_DIR}/${CONFIGURATION}-${UFW_OTHER_PLATFORM}\"\nfi\n";
		};
		6691AA53150DCFBD00D4A47A /* ShellScript */ = {
			isa = PBXShellScriptBuildPhase;
			buildActionMask = 2147483647;
			files = (
			);
			inputPaths = (
			);
			outputPaths = (
			);
			runOnlyForDeploymentPostprocessing = 0;
			shellPath = /bin/sh;
			shellScript = "# Run the unit tests in this test bundle.\n\"${SYSTEM_DEVELOPER_DIR}/Tools/RunUnitTests\"\n";
		};
/* End PBXShellScriptBuildPhase section */

/* Begin PBXSourcesBuildPhase section */
		665C58F917BD7171006DECBF /* Sources */ = {
			isa = PBXSourcesBuildPhase;
			buildActionMask = 2147483647;
			files = (
				665C590C17BD719F006DECBF /* TCShapeController.m in Sources */,
				665C590D17BD719F006DECBF /* SYBezierController.m in Sources */,
				665C590E17BD719F006DECBF /* SYPaintView.m in Sources */,
				665C590F17BD719F006DECBF /* SYVectorView.m in Sources */,
				665C591017BD719F006DECBF /* SYShape.m in Sources */,
				665C591117BD719F006DECBF /* SYGeometry.m in Sources */,
				665C591217BD719F006DECBF /* SYSegment.m in Sources */,
				665C591317BD719F006DECBF /* SYBezier.m in Sources */,
			);
			runOnlyForDeploymentPostprocessing = 0;
		};
		6691AA2D150DCFBC00D4A47A /* Sources */ = {
			isa = PBXSourcesBuildPhase;
			buildActionMask = 2147483647;
			files = (
				6691AA42150DCFBC00D4A47A /* main.m in Sources */,
				6691AA46150DCFBC00D4A47A /* TCAppDelegate.m in Sources */,
				6691AA49150DCFBC00D4A47A /* TCViewController.m in Sources */,
				ED0BE56815F0C1EC00EBE866 /* SYUnitTestController.m in Sources */,
				ED12DD2B15F4CDFC00FBDF00 /* SYUnitPreview.m in Sources */,
				ED669884160A30B900115E68 /* SYSaveMessageView.m in Sources */,
				ED256D26160B44980009C871 /* SYTableBase.m in Sources */,
			);
			runOnlyForDeploymentPostprocessing = 0;
		};
		6691AA50150DCFBD00D4A47A /* Sources */ = {
			isa = PBXSourcesBuildPhase;
			buildActionMask = 2147483647;
			files = (
				6691AA64150DCFBD00D4A47A /* TouchChartTests.m in Sources */,
				ED92334715618F9F00B0F505 /* SYVectorView.m in Sources */,
			);
			runOnlyForDeploymentPostprocessing = 0;
		};
/* End PBXSourcesBuildPhase section */

/* Begin PBXTargetDependency section */
		665C591517BD71B9006DECBF /* PBXTargetDependency */ = {
			isa = PBXTargetDependency;
			target = 665C58FF17BD7171006DECBF /* TouchShape */;
			targetProxy = 665C591417BD71B9006DECBF /* PBXContainerItemProxy */;
		};
		6691AA5B150DCFBD00D4A47A /* PBXTargetDependency */ = {
			isa = PBXTargetDependency;
			target = 6691AA30150DCFBC00D4A47A /* TouchChart */;
			targetProxy = 6691AA5A150DCFBD00D4A47A /* PBXContainerItemProxy */;
		};
/* End PBXTargetDependency section */

/* Begin PBXVariantGroup section */
		665C590517BD7171006DECBF /* InfoPlist.strings */ = {
			isa = PBXVariantGroup;
			children = (
				665C590617BD7171006DECBF /* en */,
			);
			name = InfoPlist.strings;
			sourceTree = "<group>";
		};
		6691AA3E150DCFBC00D4A47A /* InfoPlist.strings */ = {
			isa = PBXVariantGroup;
			children = (
				6691AA3F150DCFBC00D4A47A /* en */,
			);
			name = InfoPlist.strings;
			sourceTree = "<group>";
		};
		6691AA4A150DCFBD00D4A47A /* TCViewController_iPhone.xib */ = {
			isa = PBXVariantGroup;
			children = (
				6691AA4B150DCFBD00D4A47A /* en */,
			);
			name = TCViewController_iPhone.xib;
			sourceTree = "<group>";
		};
		6691AA4D150DCFBD00D4A47A /* TCViewController_iPad.xib */ = {
			isa = PBXVariantGroup;
			children = (
				6691AA4E150DCFBD00D4A47A /* en */,
			);
			name = TCViewController_iPad.xib;
			sourceTree = "<group>";
		};
		6691AA5F150DCFBD00D4A47A /* InfoPlist.strings */ = {
			isa = PBXVariantGroup;
			children = (
				6691AA60150DCFBD00D4A47A /* en */,
			);
			name = InfoPlist.strings;
			sourceTree = "<group>";
		};
/* End PBXVariantGroup section */

/* Begin XCBuildConfiguration section */
		665C590A17BD7171006DECBF /* Debug */ = {
			isa = XCBuildConfiguration;
			buildSettings = {
				CLANG_CXX_LANGUAGE_STANDARD = "gnu++0x";
				CLANG_CXX_LIBRARY = "libc++";
				CLANG_ENABLE_MODULES = YES;
				CLANG_ENABLE_OBJC_ARC = YES;
				CLANG_WARN_DIRECT_OBJC_ISA_USAGE = YES_ERROR;
				CLANG_WARN_OBJC_ROOT_CLASS = YES_ERROR;
				DYLIB_COMPATIBILITY_VERSION = 1;
				DYLIB_CURRENT_VERSION = 1;
				FRAMEWORK_VERSION = A;
				GCC_PRECOMPILE_PREFIX_HEADER = YES;
				GCC_PREFIX_HEADER = "TouchShape/TouchShape-Prefix.pch";
				GCC_PREPROCESSOR_DEFINITIONS = (
					"DEBUG=1",
					"$(inherited)",
				);
				GCC_WARN_ABOUT_RETURN_TYPE = YES_ERROR;
				INFOPLIST_FILE = "TouchShape/TouchShape-Info.plist";
				IPHONEOS_DEPLOYMENT_TARGET = 5.1;
				ONLY_ACTIVE_ARCH = NO;
				PRODUCT_NAME = "$(TARGET_NAME)";
				SKIP_INSTALL = YES;
				WRAPPER_EXTENSION = framework;
			};
			name = Debug;
		};
		665C590B17BD7171006DECBF /* Release */ = {
			isa = XCBuildConfiguration;
			buildSettings = {
				CLANG_CXX_LANGUAGE_STANDARD = "gnu++0x";
				CLANG_CXX_LIBRARY = "libc++";
				CLANG_ENABLE_MODULES = YES;
				CLANG_ENABLE_OBJC_ARC = YES;
				CLANG_WARN_DIRECT_OBJC_ISA_USAGE = YES_ERROR;
				CLANG_WARN_OBJC_ROOT_CLASS = YES_ERROR;
				DYLIB_COMPATIBILITY_VERSION = 1;
				DYLIB_CURRENT_VERSION = 1;
				ENABLE_NS_ASSERTIONS = NO;
				FRAMEWORK_VERSION = A;
				GCC_PRECOMPILE_PREFIX_HEADER = YES;
				GCC_PREFIX_HEADER = "TouchShape/TouchShape-Prefix.pch";
				GCC_WARN_ABOUT_RETURN_TYPE = YES_ERROR;
				INFOPLIST_FILE = "TouchShape/TouchShape-Info.plist";
				IPHONEOS_DEPLOYMENT_TARGET = 5.1;
				ONLY_ACTIVE_ARCH = NO;
				PRODUCT_NAME = "$(TARGET_NAME)";
				SKIP_INSTALL = YES;
				WRAPPER_EXTENSION = framework;
			};
			name = Release;
		};
		6691AA65150DCFBD00D4A47A /* Debug */ = {
			isa = XCBuildConfiguration;
			buildSettings = {
				ALWAYS_SEARCH_USER_PATHS = NO;
				CLANG_WARN_BOOL_CONVERSION = YES;
				CLANG_WARN_CONSTANT_CONVERSION = YES;
				CLANG_WARN_EMPTY_BODY = YES;
				CLANG_WARN_ENUM_CONVERSION = YES;
				CLANG_WARN_INT_CONVERSION = YES;
				CLANG_WARN__DUPLICATE_METHOD_MATCH = YES;
				CODE_SIGN_IDENTITY = "iPhone Developer";
				"CODE_SIGN_IDENTITY[sdk=iphoneos*]" = "";
				COPY_PHASE_STRIP = NO;
				FRAMEWORK_SEARCH_PATHS = (
					"\"$(SRCROOT)\"",
					"$(inherited)",
				);
				GCC_C_LANGUAGE_STANDARD = gnu99;
				GCC_DYNAMIC_NO_PIC = NO;
				GCC_OPTIMIZATION_LEVEL = 0;
				GCC_PREPROCESSOR_DEFINITIONS = (
					"DEBUG=1",
					"$(inherited)",
				);
				GCC_SYMBOLS_PRIVATE_EXTERN = NO;
				GCC_VERSION = com.apple.compilers.llvm.clang.1_0;
				GCC_WARN_ABOUT_RETURN_TYPE = YES;
				GCC_WARN_UNDECLARED_SELECTOR = YES;
				GCC_WARN_UNINITIALIZED_AUTOS = YES;
				GCC_WARN_UNUSED_FUNCTION = YES;
				GCC_WARN_UNUSED_VARIABLE = YES;
				HEADER_SEARCH_PATHS = "";
				IPHONEOS_DEPLOYMENT_TARGET = 5.1;
				PROVISIONING_PROFILE = "";
				SDKROOT = iphoneos;
				STRIP_INSTALLED_PRODUCT = NO;
				TARGETED_DEVICE_FAMILY = "1,2";
			};
			name = Debug;
		};
		6691AA66150DCFBD00D4A47A /* Release */ = {
			isa = XCBuildConfiguration;
			buildSettings = {
				ALWAYS_SEARCH_USER_PATHS = NO;
				CLANG_WARN_BOOL_CONVERSION = YES;
				CLANG_WARN_CONSTANT_CONVERSION = YES;
				CLANG_WARN_EMPTY_BODY = YES;
				CLANG_WARN_ENUM_CONVERSION = YES;
				CLANG_WARN_INT_CONVERSION = YES;
				CLANG_WARN__DUPLICATE_METHOD_MATCH = YES;
				CODE_SIGN_IDENTITY = "iPhone Distribution";
				"CODE_SIGN_IDENTITY[sdk=iphoneos*]" = "";
				COPY_PHASE_STRIP = YES;
				FRAMEWORK_SEARCH_PATHS = (
					"\"$(SRCROOT)\"",
					"$(inherited)",
				);
				GCC_C_LANGUAGE_STANDARD = gnu99;
				GCC_VERSION = com.apple.compilers.llvm.clang.1_0;
				GCC_WARN_ABOUT_RETURN_TYPE = YES;
				GCC_WARN_UNDECLARED_SELECTOR = YES;
				GCC_WARN_UNINITIALIZED_AUTOS = YES;
				GCC_WARN_UNUSED_FUNCTION = YES;
				GCC_WARN_UNUSED_VARIABLE = YES;
				HEADER_SEARCH_PATHS = "";
				IPHONEOS_DEPLOYMENT_TARGET = 5.1;
				OTHER_CFLAGS = "-DNS_BLOCK_ASSERTIONS=1";
				PROVISIONING_PROFILE = "";
				SDKROOT = iphoneos;
				STRIP_INSTALLED_PRODUCT = NO;
				TARGETED_DEVICE_FAMILY = "1,2";
				VALIDATE_PRODUCT = YES;
			};
			name = Release;
		};
		6691AA68150DCFBD00D4A47A /* Debug */ = {
			isa = XCBuildConfiguration;
			buildSettings = {
				CLANG_ENABLE_OBJC_ARC = YES;
				CODE_SIGN_IDENTITY = "iPhone Developer";
				FRAMEWORK_SEARCH_PATHS = (
					"$(inherited)",
					"\"$(SRCROOT)\"",
				);
				GCC_PRECOMPILE_PREFIX_HEADER = YES;
				GCC_PREFIX_HEADER = "TouchChart/TouchChart-Prefix.pch";
				GCC_VERSION = "";
				HEADER_SEARCH_PATHS = "";
				INFOPLIST_FILE = "TouchChart/TouchChart-Info.plist";
				IPHONEOS_DEPLOYMENT_TARGET = 5.1;
				LIBRARY_SEARCH_PATHS = (
					"$(inherited)",
					"\"$(SRCROOT)/TouchChart/External Libraries\"",
				);
				ONLY_ACTIVE_ARCH = NO;
				OTHER_LDFLAGS = "-ObjC";
				PRODUCT_NAME = "$(TARGET_NAME)";
				PROVISIONING_PROFILE = "E63AA607-A0D6-4500-923D-4FB57C5A48D4";
				WRAPPER_EXTENSION = app;
			};
			name = Debug;
		};
		6691AA69150DCFBD00D4A47A /* Release */ = {
			isa = XCBuildConfiguration;
			buildSettings = {
				CLANG_ENABLE_OBJC_ARC = YES;
				CODE_SIGN_IDENTITY = "iPhone Developer";
				"CODE_SIGN_IDENTITY[sdk=iphoneos*]" = "iPhone Distribution: Sylion Development SL";
				FRAMEWORK_SEARCH_PATHS = (
					"$(inherited)",
					"\"$(SRCROOT)\"",
				);
				GCC_PRECOMPILE_PREFIX_HEADER = YES;
				GCC_PREFIX_HEADER = "TouchChart/TouchChart-Prefix.pch";
				GCC_VERSION = "";
				HEADER_SEARCH_PATHS = "";
				INFOPLIST_FILE = "TouchChart/TouchChart-Info.plist";
				IPHONEOS_DEPLOYMENT_TARGET = 5.1;
				LIBRARY_SEARCH_PATHS = (
					"$(inherited)",
					"\"$(SRCROOT)/TouchChart/External Libraries\"",
				);
				ONLY_ACTIVE_ARCH = NO;
				OTHER_LDFLAGS = "-ObjC";
				PRODUCT_NAME = "$(TARGET_NAME)";
				PROVISIONING_PROFILE = "E63AA607-A0D6-4500-923D-4FB57C5A48D4";
				"PROVISIONING_PROFILE[sdk=iphoneos*]" = "6B91E141-F7BF-4795-BCFA-F4EBD8A570CC";
				WRAPPER_EXTENSION = app;
			};
			name = Release;
		};
		6691AA6B150DCFBD00D4A47A /* Debug */ = {
			isa = XCBuildConfiguration;
			buildSettings = {
				BUNDLE_LOADER = "$(BUILT_PRODUCTS_DIR)/TouchChart.app/TouchChart";
				CLANG_ENABLE_OBJC_ARC = YES;
				FRAMEWORK_SEARCH_PATHS = (
					"$(SDKROOT)/Developer/Library/Frameworks",
					"$(DEVELOPER_LIBRARY_DIR)/Frameworks",
					"\"$(SRCROOT)/TouchChart/External Libraries\"",
					"\"$(SRCROOT)\"",
				);
				GCC_PRECOMPILE_PREFIX_HEADER = YES;
				GCC_PREFIX_HEADER = "TouchChart/TouchChart-Prefix.pch";
				INFOPLIST_FILE = "TouchChartTests/TouchChartTests-Info.plist";
				PRODUCT_NAME = "$(TARGET_NAME)";
				TEST_HOST = "$(BUNDLE_LOADER)";
				WRAPPER_EXTENSION = octest;
			};
			name = Debug;
		};
		6691AA6C150DCFBD00D4A47A /* Release */ = {
			isa = XCBuildConfiguration;
			buildSettings = {
				BUNDLE_LOADER = "$(BUILT_PRODUCTS_DIR)/TouchChart.app/TouchChart";
				CLANG_ENABLE_OBJC_ARC = YES;
				FRAMEWORK_SEARCH_PATHS = (
					"$(SDKROOT)/Developer/Library/Frameworks",
					"$(DEVELOPER_LIBRARY_DIR)/Frameworks",
					"\"$(SRCROOT)/TouchChart/External Libraries\"",
					"\"$(SRCROOT)\"",
				);
				GCC_PRECOMPILE_PREFIX_HEADER = YES;
				GCC_PREFIX_HEADER = "TouchChart/TouchChart-Prefix.pch";
				INFOPLIST_FILE = "TouchChartTests/TouchChartTests-Info.plist";
				PRODUCT_NAME = "$(TARGET_NAME)";
				TEST_HOST = "$(BUNDLE_LOADER)";
				WRAPPER_EXTENSION = octest;
			};
			name = Release;
		};
/* End XCBuildConfiguration section */

/* Begin XCConfigurationList section */
		665C590917BD7171006DECBF /* Build configuration list for PBXNativeTarget "TouchShape" */ = {
			isa = XCConfigurationList;
			buildConfigurations = (
				665C590A17BD7171006DECBF /* Debug */,
				665C590B17BD7171006DECBF /* Release */,
			);
			defaultConfigurationIsVisible = 0;
			defaultConfigurationName = Release;
		};
		6691AA2B150DCFBC00D4A47A /* Build configuration list for PBXProject "TouchChart" */ = {
			isa = XCConfigurationList;
			buildConfigurations = (
				6691AA65150DCFBD00D4A47A /* Debug */,
				6691AA66150DCFBD00D4A47A /* Release */,
			);
			defaultConfigurationIsVisible = 0;
			defaultConfigurationName = Release;
		};
		6691AA67150DCFBD00D4A47A /* Build configuration list for PBXNativeTarget "TouchChart" */ = {
			isa = XCConfigurationList;
			buildConfigurations = (
				6691AA68150DCFBD00D4A47A /* Debug */,
				6691AA69150DCFBD00D4A47A /* Release */,
			);
			defaultConfigurationIsVisible = 0;
			defaultConfigurationName = Release;
		};
		6691AA6A150DCFBD00D4A47A /* Build configuration list for PBXNativeTarget "TouchChartTests" */ = {
			isa = XCConfigurationList;
			buildConfigurations = (
				6691AA6B150DCFBD00D4A47A /* Debug */,
				6691AA6C150DCFBD00D4A47A /* Release */,
			);
			defaultConfigurationIsVisible = 0;
			defaultConfigurationName = Release;
		};
/* End XCConfigurationList section */
	};
	rootObject = 6691AA28150DCFBC00D4A47A /* Project object */;
}
