// !$*UTF8*$!
{
	archiveVersion = 1;
	classes = {
	};
	objectVersion = 46;
	objects = {

/* Begin PBXBuildFile section */
		6691AA36150DCFBC00D4A47A /* UIKit.framework in Frameworks */ = {isa = PBXBuildFile; fileRef = 6691AA35150DCFBC00D4A47A /* UIKit.framework */; };
		6691AA38150DCFBC00D4A47A /* Foundation.framework in Frameworks */ = {isa = PBXBuildFile; fileRef = 6691AA37150DCFBC00D4A47A /* Foundation.framework */; };
		6691AA3A150DCFBC00D4A47A /* CoreGraphics.framework in Frameworks */ = {isa = PBXBuildFile; fileRef = 6691AA39150DCFBC00D4A47A /* CoreGraphics.framework */; };
		6691AA40150DCFBC00D4A47A /* InfoPlist.strings in Resources */ = {isa = PBXBuildFile; fileRef = 6691AA3E150DCFBC00D4A47A /* InfoPlist.strings */; };
		6691AA42150DCFBC00D4A47A /* main.m in Sources */ = {isa = PBXBuildFile; fileRef = 6691AA41150DCFBC00D4A47A /* main.m */; };
		6691AA46150DCFBC00D4A47A /* TCAppDelegate.m in Sources */ = {isa = PBXBuildFile; fileRef = 6691AA45150DCFBC00D4A47A /* TCAppDelegate.m */; };
		6691AA49150DCFBC00D4A47A /* TCViewController.m in Sources */ = {isa = PBXBuildFile; fileRef = 6691AA48150DCFBC00D4A47A /* TCViewController.m */; };
		6691AA4C150DCFBD00D4A47A /* TCViewController_iPhone.xib in Resources */ = {isa = PBXBuildFile; fileRef = 6691AA4A150DCFBD00D4A47A /* TCViewController_iPhone.xib */; };
		6691AA4F150DCFBD00D4A47A /* TCViewController_iPad.xib in Resources */ = {isa = PBXBuildFile; fileRef = 6691AA4D150DCFBD00D4A47A /* TCViewController_iPad.xib */; };
		6691AA57150DCFBD00D4A47A /* SenTestingKit.framework in Frameworks */ = {isa = PBXBuildFile; fileRef = 6691AA56150DCFBD00D4A47A /* SenTestingKit.framework */; };
		6691AA58150DCFBD00D4A47A /* UIKit.framework in Frameworks */ = {isa = PBXBuildFile; fileRef = 6691AA35150DCFBC00D4A47A /* UIKit.framework */; };
		6691AA59150DCFBD00D4A47A /* Foundation.framework in Frameworks */ = {isa = PBXBuildFile; fileRef = 6691AA37150DCFBC00D4A47A /* Foundation.framework */; };
		6691AA61150DCFBD00D4A47A /* InfoPlist.strings in Resources */ = {isa = PBXBuildFile; fileRef = 6691AA5F150DCFBD00D4A47A /* InfoPlist.strings */; };
		6691AA64150DCFBD00D4A47A /* TouchChartTests.m in Sources */ = {isa = PBXBuildFile; fileRef = 6691AA63150DCFBD00D4A47A /* TouchChartTests.m */; };
		6691AA7E150DD02300D4A47A /* UITouchableView.m in Sources */ = {isa = PBXBuildFile; fileRef = 6691AA78150DD00900D4A47A /* UITouchableView.m */; };
		6691AA7F150DD02300D4A47A /* UITouchableWindow.m in Sources */ = {isa = PBXBuildFile; fileRef = 6691AA7A150DD00900D4A47A /* UITouchableWindow.m */; };
		6691AA84150DD1A400D4A47A /* TCChartView.m in Sources */ = {isa = PBXBuildFile; fileRef = 6691AA83150DD1A400D4A47A /* TCChartView.m */; };
		ED10586F15641F8500B10043 /* SYGeometry.m in Sources */ = {isa = PBXBuildFile; fileRef = ED10586E15641F8500B10043 /* SYGeometry.m */; };
		ED2592E815BECB4000DC1DF0 /* SYBezierController.m in Sources */ = {isa = PBXBuildFile; fileRef = ED2592E715BECB4000DC1DF0 /* SYBezierController.m */; };
		ED646F1C15AED566006434F8 /* Accelerate.framework in Frameworks */ = {isa = PBXBuildFile; fileRef = ED646F1B15AED566006434F8 /* Accelerate.framework */; };
		ED92333B156177A600B0F505 /* OpenGLES.framework in Frameworks */ = {isa = PBXBuildFile; fileRef = ED92333A156177A600B0F505 /* OpenGLES.framework */; };
		ED92333D156180F600B0F505 /* QuartzCore.framework in Frameworks */ = {isa = PBXBuildFile; fileRef = ED92333C156180F600B0F505 /* QuartzCore.framework */; };
		ED923342156185FF00B0F505 /* Particle.png in Resources */ = {isa = PBXBuildFile; fileRef = ED923341156185FF00B0F505 /* Particle.png */; };
		ED923343156185FF00B0F505 /* Particle.png in Resources */ = {isa = PBXBuildFile; fileRef = ED923341156185FF00B0F505 /* Particle.png */; };
		ED92334615618F9F00B0F505 /* SYVectorView.m in Sources */ = {isa = PBXBuildFile; fileRef = ED92334515618F9F00B0F505 /* SYVectorView.m */; };
		ED92334715618F9F00B0F505 /* SYVectorView.m in Sources */ = {isa = PBXBuildFile; fileRef = ED92334515618F9F00B0F505 /* SYVectorView.m */; };
		ED92334A15619F0800B0F505 /* SYGeometricMathController.m in Sources */ = {isa = PBXBuildFile; fileRef = ED92334915619F0800B0F505 /* SYGeometricMathController.m */; };
		ED92334B15619F0800B0F505 /* SYGeometricMathController.m in Sources */ = {isa = PBXBuildFile; fileRef = ED92334915619F0800B0F505 /* SYGeometricMathController.m */; };
		EDE9DE1F1573EF5D009CC5EA /* SYPaintView.m in Sources */ = {isa = PBXBuildFile; fileRef = EDE9DE1E1573EF5D009CC5EA /* SYPaintView.m */; };
		EDF3BD3115796AC70026B9C2 /* SYSegment.m in Sources */ = {isa = PBXBuildFile; fileRef = EDF3BD3015796AC70026B9C2 /* SYSegment.m */; };
/* End PBXBuildFile section */

/* Begin PBXContainerItemProxy section */
		6691AA5A150DCFBD00D4A47A /* PBXContainerItemProxy */ = {
			isa = PBXContainerItemProxy;
			containerPortal = 6691AA28150DCFBC00D4A47A /* Project object */;
			proxyType = 1;
			remoteGlobalIDString = 6691AA30150DCFBC00D4A47A;
			remoteInfo = TouchChart;
		};
/* End PBXContainerItemProxy section */

/* Begin PBXFileReference section */
		6691AA31150DCFBC00D4A47A /* TouchChart.app */ = {isa = PBXFileReference; explicitFileType = wrapper.application; includeInIndex = 0; path = TouchChart.app; sourceTree = BUILT_PRODUCTS_DIR; };
		6691AA35150DCFBC00D4A47A /* UIKit.framework */ = {isa = PBXFileReference; lastKnownFileType = wrapper.framework; name = UIKit.framework; path = System/Library/Frameworks/UIKit.framework; sourceTree = SDKROOT; };
		6691AA37150DCFBC00D4A47A /* Foundation.framework */ = {isa = PBXFileReference; lastKnownFileType = wrapper.framework; name = Foundation.framework; path = System/Library/Frameworks/Foundation.framework; sourceTree = SDKROOT; };
		6691AA39150DCFBC00D4A47A /* CoreGraphics.framework */ = {isa = PBXFileReference; lastKnownFileType = wrapper.framework; name = CoreGraphics.framework; path = System/Library/Frameworks/CoreGraphics.framework; sourceTree = SDKROOT; };
		6691AA3D150DCFBC00D4A47A /* TouchChart-Info.plist */ = {isa = PBXFileReference; lastKnownFileType = text.plist.xml; path = "TouchChart-Info.plist"; sourceTree = "<group>"; };
		6691AA3F150DCFBC00D4A47A /* en */ = {isa = PBXFileReference; lastKnownFileType = text.plist.strings; name = en; path = en.lproj/InfoPlist.strings; sourceTree = "<group>"; };
		6691AA41150DCFBC00D4A47A /* main.m */ = {isa = PBXFileReference; lastKnownFileType = sourcecode.c.objc; path = main.m; sourceTree = "<group>"; };
		6691AA43150DCFBC00D4A47A /* TouchChart-Prefix.pch */ = {isa = PBXFileReference; lastKnownFileType = sourcecode.c.h; path = "TouchChart-Prefix.pch"; sourceTree = "<group>"; };
		6691AA44150DCFBC00D4A47A /* TCAppDelegate.h */ = {isa = PBXFileReference; lastKnownFileType = sourcecode.c.h; path = TCAppDelegate.h; sourceTree = "<group>"; };
		6691AA45150DCFBC00D4A47A /* TCAppDelegate.m */ = {isa = PBXFileReference; lastKnownFileType = sourcecode.c.objc; path = TCAppDelegate.m; sourceTree = "<group>"; };
		6691AA47150DCFBC00D4A47A /* TCViewController.h */ = {isa = PBXFileReference; lastKnownFileType = sourcecode.c.h; path = TCViewController.h; sourceTree = "<group>"; };
		6691AA48150DCFBC00D4A47A /* TCViewController.m */ = {isa = PBXFileReference; lastKnownFileType = sourcecode.c.objc; path = TCViewController.m; sourceTree = "<group>"; };
		6691AA4B150DCFBD00D4A47A /* en */ = {isa = PBXFileReference; lastKnownFileType = file.xib; name = en; path = en.lproj/TCViewController_iPhone.xib; sourceTree = "<group>"; };
		6691AA4E150DCFBD00D4A47A /* en */ = {isa = PBXFileReference; lastKnownFileType = file.xib; name = en; path = en.lproj/TCViewController_iPad.xib; sourceTree = "<group>"; };
		6691AA55150DCFBD00D4A47A /* TouchChartTests.octest */ = {isa = PBXFileReference; explicitFileType = wrapper.cfbundle; includeInIndex = 0; path = TouchChartTests.octest; sourceTree = BUILT_PRODUCTS_DIR; };
		6691AA56150DCFBD00D4A47A /* SenTestingKit.framework */ = {isa = PBXFileReference; lastKnownFileType = wrapper.framework; name = SenTestingKit.framework; path = Library/Frameworks/SenTestingKit.framework; sourceTree = DEVELOPER_DIR; };
		6691AA5E150DCFBD00D4A47A /* TouchChartTests-Info.plist */ = {isa = PBXFileReference; lastKnownFileType = text.plist.xml; path = "TouchChartTests-Info.plist"; sourceTree = "<group>"; };
		6691AA60150DCFBD00D4A47A /* en */ = {isa = PBXFileReference; lastKnownFileType = text.plist.strings; name = en; path = en.lproj/InfoPlist.strings; sourceTree = "<group>"; };
		6691AA62150DCFBD00D4A47A /* TouchChartTests.h */ = {isa = PBXFileReference; lastKnownFileType = sourcecode.c.h; path = TouchChartTests.h; sourceTree = "<group>"; };
		6691AA63150DCFBD00D4A47A /* TouchChartTests.m */ = {isa = PBXFileReference; lastKnownFileType = sourcecode.c.objc; path = TouchChartTests.m; sourceTree = "<group>"; };
		6691AA77150DD00900D4A47A /* UITouchableView.h */ = {isa = PBXFileReference; fileEncoding = 4; lastKnownFileType = sourcecode.c.h; path = UITouchableView.h; sourceTree = "<group>"; };
		6691AA78150DD00900D4A47A /* UITouchableView.m */ = {isa = PBXFileReference; fileEncoding = 4; lastKnownFileType = sourcecode.c.objc; path = UITouchableView.m; sourceTree = "<group>"; };
		6691AA79150DD00900D4A47A /* UITouchableWindow.h */ = {isa = PBXFileReference; fileEncoding = 4; lastKnownFileType = sourcecode.c.h; path = UITouchableWindow.h; sourceTree = "<group>"; };
		6691AA7A150DD00900D4A47A /* UITouchableWindow.m */ = {isa = PBXFileReference; fileEncoding = 4; lastKnownFileType = sourcecode.c.objc; path = UITouchableWindow.m; sourceTree = "<group>"; };
		6691AA7D150DD01700D4A47A /* UITouchableWindowDelegate.h */ = {isa = PBXFileReference; fileEncoding = 4; lastKnownFileType = sourcecode.c.h; path = UITouchableWindowDelegate.h; sourceTree = "<group>"; };
		6691AA80150DD0BA00D4A47A /* Constants.h */ = {isa = PBXFileReference; fileEncoding = 4; lastKnownFileType = sourcecode.c.h; path = Constants.h; sourceTree = "<group>"; };
		6691AA82150DD1A400D4A47A /* TCChartView.h */ = {isa = PBXFileReference; fileEncoding = 4; lastKnownFileType = sourcecode.c.h; path = TCChartView.h; sourceTree = "<group>"; };
		6691AA83150DD1A400D4A47A /* TCChartView.m */ = {isa = PBXFileReference; fileEncoding = 4; lastKnownFileType = sourcecode.c.objc; path = TCChartView.m; sourceTree = "<group>"; };
		ED10586D15641F8500B10043 /* SYGeometry.h */ = {isa = PBXFileReference; fileEncoding = 4; lastKnownFileType = sourcecode.c.h; name = SYGeometry.h; path = Classes/Models/SYGeometry.h; sourceTree = "<group>"; };
		ED10586E15641F8500B10043 /* SYGeometry.m */ = {isa = PBXFileReference; fileEncoding = 4; lastKnownFileType = sourcecode.c.objc; name = SYGeometry.m; path = Classes/Models/SYGeometry.m; sourceTree = "<group>"; };
		ED2592E615BECB4000DC1DF0 /* SYBezierController.h */ = {isa = PBXFileReference; fileEncoding = 4; lastKnownFileType = sourcecode.c.h; name = SYBezierController.h; path = Classes/NSObject/SYBezierController.h; sourceTree = "<group>"; };
		ED2592E715BECB4000DC1DF0 /* SYBezierController.m */ = {isa = PBXFileReference; fileEncoding = 4; lastKnownFileType = sourcecode.c.objc; name = SYBezierController.m; path = Classes/NSObject/SYBezierController.m; sourceTree = "<group>"; };
		ED646F1B15AED566006434F8 /* Accelerate.framework */ = {isa = PBXFileReference; lastKnownFileType = wrapper.framework; name = Accelerate.framework; path = System/Library/Frameworks/Accelerate.framework; sourceTree = SDKROOT; };
		ED92333A156177A600B0F505 /* OpenGLES.framework */ = {isa = PBXFileReference; lastKnownFileType = wrapper.framework; name = OpenGLES.framework; path = System/Library/Frameworks/OpenGLES.framework; sourceTree = SDKROOT; };
		ED92333C156180F600B0F505 /* QuartzCore.framework */ = {isa = PBXFileReference; lastKnownFileType = wrapper.framework; name = QuartzCore.framework; path = System/Library/Frameworks/QuartzCore.framework; sourceTree = SDKROOT; };
		ED923341156185FF00B0F505 /* Particle.png */ = {isa = PBXFileReference; lastKnownFileType = image.png; name = Particle.png; path = TouchChart/Images/Particle.png; sourceTree = SOURCE_ROOT; };
		ED92334415618F9E00B0F505 /* SYVectorView.h */ = {isa = PBXFileReference; fileEncoding = 4; lastKnownFileType = sourcecode.c.h; name = SYVectorView.h; path = Classes/Views/SYVectorView.h; sourceTree = "<group>"; };
		ED92334515618F9F00B0F505 /* SYVectorView.m */ = {isa = PBXFileReference; fileEncoding = 4; lastKnownFileType = sourcecode.c.objc; name = SYVectorView.m; path = Classes/Views/SYVectorView.m; sourceTree = "<group>"; };
		ED92334815619F0800B0F505 /* SYGeometricMathController.h */ = {isa = PBXFileReference; fileEncoding = 4; lastKnownFileType = sourcecode.c.h; name = SYGeometricMathController.h; path = Classes/NSObject/SYGeometricMathController.h; sourceTree = "<group>"; };
		ED92334915619F0800B0F505 /* SYGeometricMathController.m */ = {isa = PBXFileReference; fileEncoding = 4; lastKnownFileType = sourcecode.c.objc; name = SYGeometricMathController.m; path = Classes/NSObject/SYGeometricMathController.m; sourceTree = "<group>"; };
		EDE9DE1D1573EF5D009CC5EA /* SYPaintView.h */ = {isa = PBXFileReference; fileEncoding = 4; lastKnownFileType = sourcecode.c.h; name = SYPaintView.h; path = Classes/Views/SYPaintView.h; sourceTree = "<group>"; };
		EDE9DE1E1573EF5D009CC5EA /* SYPaintView.m */ = {isa = PBXFileReference; fileEncoding = 4; lastKnownFileType = sourcecode.c.objc; name = SYPaintView.m; path = Classes/Views/SYPaintView.m; sourceTree = "<group>"; };
		EDF3BD2F15796AC70026B9C2 /* SYSegment.h */ = {isa = PBXFileReference; fileEncoding = 4; lastKnownFileType = sourcecode.c.h; name = SYSegment.h; path = Classes/Models/SYSegment.h; sourceTree = "<group>"; };
		EDF3BD3015796AC70026B9C2 /* SYSegment.m */ = {isa = PBXFileReference; fileEncoding = 4; lastKnownFileType = sourcecode.c.objc; name = SYSegment.m; path = Classes/Models/SYSegment.m; sourceTree = "<group>"; };
/* End PBXFileReference section */

/* Begin PBXFrameworksBuildPhase section */
		6691AA2E150DCFBC00D4A47A /* Frameworks */ = {
			isa = PBXFrameworksBuildPhase;
			buildActionMask = 2147483647;
			files = (
				ED646F1C15AED566006434F8 /* Accelerate.framework in Frameworks */,
				ED92333D156180F600B0F505 /* QuartzCore.framework in Frameworks */,
				ED92333B156177A600B0F505 /* OpenGLES.framework in Frameworks */,
				6691AA36150DCFBC00D4A47A /* UIKit.framework in Frameworks */,
				6691AA38150DCFBC00D4A47A /* Foundation.framework in Frameworks */,
				6691AA3A150DCFBC00D4A47A /* CoreGraphics.framework in Frameworks */,
			);
			runOnlyForDeploymentPostprocessing = 0;
		};
		6691AA51150DCFBD00D4A47A /* Frameworks */ = {
			isa = PBXFrameworksBuildPhase;
			buildActionMask = 2147483647;
			files = (
				6691AA57150DCFBD00D4A47A /* SenTestingKit.framework in Frameworks */,
				6691AA58150DCFBD00D4A47A /* UIKit.framework in Frameworks */,
				6691AA59150DCFBD00D4A47A /* Foundation.framework in Frameworks */,
			);
			runOnlyForDeploymentPostprocessing = 0;
		};
/* End PBXFrameworksBuildPhase section */

/* Begin PBXGroup section */
		6691AA26150DCFBC00D4A47A = {
			isa = PBXGroup;
			children = (
				6691AA3B150DCFBC00D4A47A /* TouchChart */,
				6691AA5C150DCFBD00D4A47A /* TouchChartTests */,
				6691AA34150DCFBC00D4A47A /* Frameworks */,
				6691AA32150DCFBC00D4A47A /* Products */,
			);
			sourceTree = "<group>";
		};
		6691AA32150DCFBC00D4A47A /* Products */ = {
			isa = PBXGroup;
			children = (
				6691AA31150DCFBC00D4A47A /* TouchChart.app */,
				6691AA55150DCFBD00D4A47A /* TouchChartTests.octest */,
			);
			name = Products;
			sourceTree = "<group>";
		};
		6691AA34150DCFBC00D4A47A /* Frameworks */ = {
			isa = PBXGroup;
			children = (
				ED646F1B15AED566006434F8 /* Accelerate.framework */,
				ED92333C156180F600B0F505 /* QuartzCore.framework */,
				ED92333A156177A600B0F505 /* OpenGLES.framework */,
				6691AA35150DCFBC00D4A47A /* UIKit.framework */,
				6691AA37150DCFBC00D4A47A /* Foundation.framework */,
				6691AA39150DCFBC00D4A47A /* CoreGraphics.framework */,
				6691AA56150DCFBD00D4A47A /* SenTestingKit.framework */,
			);
			name = Frameworks;
			sourceTree = "<group>";
		};
		6691AA3B150DCFBC00D4A47A /* TouchChart */ = {
			isa = PBXGroup;
			children = (
				ED10585815640D9C00B10043 /* Model */,
				ED9233351561774000B0F505 /* Views */,
				ED92333E1561825D00B0F505 /* View Controllers */,
				6691AA85150DD1AB00D4A47A /* AppDelegate */,
				6691AA81150DD16900D4A47A /* Touchables */,
				6691AA82150DD1A400D4A47A /* TCChartView.h */,
				6691AA83150DD1A400D4A47A /* TCChartView.m */,
				ED92333F1561827C00B0F505 /* XIB */,
				6691AA3C150DCFBC00D4A47A /* Supporting Files */,
				6691AA80150DD0BA00D4A47A /* Constants.h */,
			);
			path = TouchChart;
			sourceTree = "<group>";
		};
		6691AA3C150DCFBC00D4A47A /* Supporting Files */ = {
			isa = PBXGroup;
			children = (
				6691AA3D150DCFBC00D4A47A /* TouchChart-Info.plist */,
				6691AA3E150DCFBC00D4A47A /* InfoPlist.strings */,
				6691AA41150DCFBC00D4A47A /* main.m */,
				6691AA43150DCFBC00D4A47A /* TouchChart-Prefix.pch */,
			);
			name = "Supporting Files";
			sourceTree = "<group>";
		};
		6691AA5C150DCFBD00D4A47A /* TouchChartTests */ = {
			isa = PBXGroup;
			children = (
				6691AA62150DCFBD00D4A47A /* TouchChartTests.h */,
				6691AA63150DCFBD00D4A47A /* TouchChartTests.m */,
				ED923340156185D100B0F505 /* Images */,
				6691AA5D150DCFBD00D4A47A /* Supporting Files */,
			);
			path = TouchChartTests;
			sourceTree = "<group>";
		};
		6691AA5D150DCFBD00D4A47A /* Supporting Files */ = {
			isa = PBXGroup;
			children = (
				6691AA5E150DCFBD00D4A47A /* TouchChartTests-Info.plist */,
				6691AA5F150DCFBD00D4A47A /* InfoPlist.strings */,
			);
			name = "Supporting Files";
			sourceTree = "<group>";
		};
		6691AA81150DD16900D4A47A /* Touchables */ = {
			isa = PBXGroup;
			children = (
				6691AA7D150DD01700D4A47A /* UITouchableWindowDelegate.h */,
				6691AA77150DD00900D4A47A /* UITouchableView.h */,
				6691AA78150DD00900D4A47A /* UITouchableView.m */,
				6691AA79150DD00900D4A47A /* UITouchableWindow.h */,
				6691AA7A150DD00900D4A47A /* UITouchableWindow.m */,
			);
			name = Touchables;
			sourceTree = "<group>";
		};
		6691AA85150DD1AB00D4A47A /* AppDelegate */ = {
			isa = PBXGroup;
			children = (
				6691AA44150DCFBC00D4A47A /* TCAppDelegate.h */,
				6691AA45150DCFBC00D4A47A /* TCAppDelegate.m */,
			);
			name = AppDelegate;
			sourceTree = "<group>";
		};
		ED10585815640D9C00B10043 /* Model */ = {
			isa = PBXGroup;
			children = (
				ED10586D15641F8500B10043 /* SYGeometry.h */,
				ED10586E15641F8500B10043 /* SYGeometry.m */,
				EDF3BD2F15796AC70026B9C2 /* SYSegment.h */,
				EDF3BD3015796AC70026B9C2 /* SYSegment.m */,
			);
			name = Model;
			sourceTree = "<group>";
		};
		ED9233351561774000B0F505 /* Views */ = {
			isa = PBXGroup;
			children = (
				ED92334815619F0800B0F505 /* SYGeometricMathController.h */,
				ED92334915619F0800B0F505 /* SYGeometricMathController.m */,
				EDE9DE1D1573EF5D009CC5EA /* SYPaintView.h */,
				EDE9DE1E1573EF5D009CC5EA /* SYPaintView.m */,
				ED92334415618F9E00B0F505 /* SYVectorView.h */,
				ED92334515618F9F00B0F505 /* SYVectorView.m */,
				ED2592E615BECB4000DC1DF0 /* SYBezierController.h */,
				ED2592E715BECB4000DC1DF0 /* SYBezierController.m */,
			);
			name = Views;
			sourceTree = "<group>";
		};
		ED92333E1561825D00B0F505 /* View Controllers */ = {
			isa = PBXGroup;
			children = (
				6691AA47150DCFBC00D4A47A /* TCViewController.h */,
				6691AA48150DCFBC00D4A47A /* TCViewController.m */,
			);
			name = "View Controllers";
			sourceTree = "<group>";
		};
		ED92333F1561827C00B0F505 /* XIB */ = {
			isa = PBXGroup;
			children = (
				6691AA4D150DCFBD00D4A47A /* TCViewController_iPad.xib */,
				6691AA4A150DCFBD00D4A47A /* TCViewController_iPhone.xib */,
			);
			name = XIB;
			sourceTree = "<group>";
		};
		ED923340156185D100B0F505 /* Images */ = {
			isa = PBXGroup;
			children = (
				ED923341156185FF00B0F505 /* Particle.png */,
			);
			name = Images;
			sourceTree = "<group>";
		};
/* End PBXGroup section */

/* Begin PBXNativeTarget section */
		6691AA30150DCFBC00D4A47A /* TouchChart */ = {
			isa = PBXNativeTarget;
			buildConfigurationList = 6691AA67150DCFBD00D4A47A /* Build configuration list for PBXNativeTarget "TouchChart" */;
			buildPhases = (
				6691AA2D150DCFBC00D4A47A /* Sources */,
				6691AA2E150DCFBC00D4A47A /* Frameworks */,
				6691AA2F150DCFBC00D4A47A /* Resources */,
			);
			buildRules = (
			);
			dependencies = (
			);
			name = TouchChart;
			productName = TouchChart;
			productReference = 6691AA31150DCFBC00D4A47A /* TouchChart.app */;
			productType = "com.apple.product-type.application";
		};
		6691AA54150DCFBD00D4A47A /* TouchChartTests */ = {
			isa = PBXNativeTarget;
			buildConfigurationList = 6691AA6A150DCFBD00D4A47A /* Build configuration list for PBXNativeTarget "TouchChartTests" */;
			buildPhases = (
				6691AA50150DCFBD00D4A47A /* Sources */,
				6691AA51150DCFBD00D4A47A /* Frameworks */,
				6691AA52150DCFBD00D4A47A /* Resources */,
				6691AA53150DCFBD00D4A47A /* ShellScript */,
			);
			buildRules = (
			);
			dependencies = (
				6691AA5B150DCFBD00D4A47A /* PBXTargetDependency */,
			);
			name = TouchChartTests;
			productName = TouchChartTests;
			productReference = 6691AA55150DCFBD00D4A47A /* TouchChartTests.octest */;
			productType = "com.apple.product-type.bundle";
		};
/* End PBXNativeTarget section */

/* Begin PBXProject section */
		6691AA28150DCFBC00D4A47A /* Project object */ = {
			isa = PBXProject;
			attributes = {
				CLASSPREFIX = TC;
				LastUpgradeCheck = 0440;
			};
			buildConfigurationList = 6691AA2B150DCFBC00D4A47A /* Build configuration list for PBXProject "TouchChart" */;
			compatibilityVersion = "Xcode 3.2";
			developmentRegion = English;
			hasScannedForEncodings = 0;
			knownRegions = (
				en,
			);
			mainGroup = 6691AA26150DCFBC00D4A47A;
			productRefGroup = 6691AA32150DCFBC00D4A47A /* Products */;
			projectDirPath = "";
			projectRoot = "";
			targets = (
				6691AA30150DCFBC00D4A47A /* TouchChart */,
				6691AA54150DCFBD00D4A47A /* TouchChartTests */,
			);
		};
/* End PBXProject section */

/* Begin PBXResourcesBuildPhase section */
		6691AA2F150DCFBC00D4A47A /* Resources */ = {
			isa = PBXResourcesBuildPhase;
			buildActionMask = 2147483647;
			files = (
				6691AA40150DCFBC00D4A47A /* InfoPlist.strings in Resources */,
				6691AA4C150DCFBD00D4A47A /* TCViewController_iPhone.xib in Resources */,
				6691AA4F150DCFBD00D4A47A /* TCViewController_iPad.xib in Resources */,
				ED923342156185FF00B0F505 /* Particle.png in Resources */,
			);
			runOnlyForDeploymentPostprocessing = 0;
		};
		6691AA52150DCFBD00D4A47A /* Resources */ = {
			isa = PBXResourcesBuildPhase;
			buildActionMask = 2147483647;
			files = (
				6691AA61150DCFBD00D4A47A /* InfoPlist.strings in Resources */,
				ED923343156185FF00B0F505 /* Particle.png in Resources */,
			);
			runOnlyForDeploymentPostprocessing = 0;
		};
/* End PBXResourcesBuildPhase section */

/* Begin PBXShellScriptBuildPhase section */
		6691AA53150DCFBD00D4A47A /* ShellScript */ = {
			isa = PBXShellScriptBuildPhase;
			buildActionMask = 2147483647;
			files = (
			);
			inputPaths = (
			);
			outputPaths = (
			);
			runOnlyForDeploymentPostprocessing = 0;
			shellPath = /bin/sh;
			shellScript = "# Run the unit tests in this test bundle.\n\"${SYSTEM_DEVELOPER_DIR}/Tools/RunUnitTests\"\n";
		};
/* End PBXShellScriptBuildPhase section */

/* Begin PBXSourcesBuildPhase section */
		6691AA2D150DCFBC00D4A47A /* Sources */ = {
			isa = PBXSourcesBuildPhase;
			buildActionMask = 2147483647;
			files = (
				6691AA42150DCFBC00D4A47A /* main.m in Sources */,
				6691AA46150DCFBC00D4A47A /* TCAppDelegate.m in Sources */,
				6691AA49150DCFBC00D4A47A /* TCViewController.m in Sources */,
				6691AA7E150DD02300D4A47A /* UITouchableView.m in Sources */,
				6691AA7F150DD02300D4A47A /* UITouchableWindow.m in Sources */,
				6691AA84150DD1A400D4A47A /* TCChartView.m in Sources */,
				ED92334615618F9F00B0F505 /* SYVectorView.m in Sources */,
				ED92334A15619F0800B0F505 /* SYGeometricMathController.m in Sources */,
				ED10586F15641F8500B10043 /* SYGeometry.m in Sources */,
				EDE9DE1F1573EF5D009CC5EA /* SYPaintView.m in Sources */,
				EDF3BD3115796AC70026B9C2 /* SYSegment.m in Sources */,
				ED2592E815BECB4000DC1DF0 /* SYBezierController.m in Sources */,
			);
			runOnlyForDeploymentPostprocessing = 0;
		};
		6691AA50150DCFBD00D4A47A /* Sources */ = {
			isa = PBXSourcesBuildPhase;
			buildActionMask = 2147483647;
			files = (
				6691AA64150DCFBD00D4A47A /* TouchChartTests.m in Sources */,
				ED92334715618F9F00B0F505 /* SYVectorView.m in Sources */,
				ED92334B15619F0800B0F505 /* SYGeometricMathController.m in Sources */,
			);
			runOnlyForDeploymentPostprocessing = 0;
		};
/* End PBXSourcesBuildPhase section */

/* Begin PBXTargetDependency section */
		6691AA5B150DCFBD00D4A47A /* PBXTargetDependency */ = {
			isa = PBXTargetDependency;
			target = 6691AA30150DCFBC00D4A47A /* TouchChart */;
			targetProxy = 6691AA5A150DCFBD00D4A47A /* PBXContainerItemProxy */;
		};
/* End PBXTargetDependency section */

/* Begin PBXVariantGroup section */
		6691AA3E150DCFBC00D4A47A /* InfoPlist.strings */ = {
			isa = PBXVariantGroup;
			children = (
				6691AA3F150DCFBC00D4A47A /* en */,
			);
			name = InfoPlist.strings;
			sourceTree = "<group>";
		};
		6691AA4A150DCFBD00D4A47A /* TCViewController_iPhone.xib */ = {
			isa = PBXVariantGroup;
			children = (
				6691AA4B150DCFBD00D4A47A /* en */,
			);
			name = TCViewController_iPhone.xib;
			sourceTree = "<group>";
		};
		6691AA4D150DCFBD00D4A47A /* TCViewController_iPad.xib */ = {
			isa = PBXVariantGroup;
			children = (
				6691AA4E150DCFBD00D4A47A /* en */,
			);
			name = TCViewController_iPad.xib;
			sourceTree = "<group>";
		};
		6691AA5F150DCFBD00D4A47A /* InfoPlist.strings */ = {
			isa = PBXVariantGroup;
			children = (
				6691AA60150DCFBD00D4A47A /* en */,
			);
			name = InfoPlist.strings;
			sourceTree = "<group>";
		};
/* End PBXVariantGroup section */

/* Begin XCBuildConfiguration section */
		6691AA65150DCFBD00D4A47A /* Debug */ = {
			isa = XCBuildConfiguration;
			buildSettings = {
				ALWAYS_SEARCH_USER_PATHS = NO;
				ARCHS = "$(ARCHS_STANDARD_32_BIT)";
				CODE_SIGN_IDENTITY = "iPhone Developer";
				"CODE_SIGN_IDENTITY[sdk=iphoneos*]" = "";
				COPY_PHASE_STRIP = NO;
				GCC_C_LANGUAGE_STANDARD = gnu99;
				GCC_DYNAMIC_NO_PIC = NO;
				GCC_OPTIMIZATION_LEVEL = 0;
				GCC_PREPROCESSOR_DEFINITIONS = (
					"DEBUG=1",
					"$(inherited)",
				);
				GCC_SYMBOLS_PRIVATE_EXTERN = NO;
				GCC_VERSION = com.apple.compilers.llvm.clang.1_0;
				GCC_WARN_ABOUT_RETURN_TYPE = YES;
				GCC_WARN_UNINITIALIZED_AUTOS = YES;
				GCC_WARN_UNUSED_VARIABLE = YES;
				HEADER_SEARCH_PATHS = "";
				IPHONEOS_DEPLOYMENT_TARGET = 5.0;
				PROVISIONING_PROFILE = "";
				SDKROOT = iphoneos;
				TARGETED_DEVICE_FAMILY = "1,2";
			};
			name = Debug;
		};
		6691AA66150DCFBD00D4A47A /* Release */ = {
			isa = XCBuildConfiguration;
			buildSettings = {
				ALWAYS_SEARCH_USER_PATHS = NO;
				ARCHS = "$(ARCHS_STANDARD_32_BIT)";
				CODE_SIGN_IDENTITY = "iPhone Distribution";
				"CODE_SIGN_IDENTITY[sdk=iphoneos*]" = "";
				COPY_PHASE_STRIP = YES;
				GCC_C_LANGUAGE_STANDARD = gnu99;
				GCC_VERSION = com.apple.compilers.llvm.clang.1_0;
				GCC_WARN_ABOUT_RETURN_TYPE = YES;
				GCC_WARN_UNINITIALIZED_AUTOS = YES;
				GCC_WARN_UNUSED_VARIABLE = YES;
				HEADER_SEARCH_PATHS = "";
				IPHONEOS_DEPLOYMENT_TARGET = 5.0;
				OTHER_CFLAGS = "-DNS_BLOCK_ASSERTIONS=1";
				PROVISIONING_PROFILE = "";
				SDKROOT = iphoneos;
				TARGETED_DEVICE_FAMILY = "1,2";
				VALIDATE_PRODUCT = YES;
			};
			name = Release;
		};
		6691AA68150DCFBD00D4A47A /* Debug */ = {
			isa = XCBuildConfiguration;
			buildSettings = {
				CODE_SIGN_IDENTITY = "iPhone Developer: Fernando Garcia Torcelly (M8HYXSG43T)";
				GCC_PRECOMPILE_PREFIX_HEADER = YES;
				GCC_PREFIX_HEADER = "TouchChart/TouchChart-Prefix.pch";
				HEADER_SEARCH_PATHS = "";
				INFOPLIST_FILE = "TouchChart/TouchChart-Info.plist";
				LIBRARY_SEARCH_PATHS = (
					"$(inherited)",
					"\"$(SRCROOT)/TouchChart/External Libraries\"",
				);
				PRODUCT_NAME = "$(TARGET_NAME)";
				PROVISIONING_PROFILE = "BFDBA391-B6A1-413C-96A7-8878F75A7BA3";
				WRAPPER_EXTENSION = app;
			};
			name = Debug;
		};
		6691AA69150DCFBD00D4A47A /* Release */ = {
			isa = XCBuildConfiguration;
			buildSettings = {
				"CODE_SIGN_IDENTITY[sdk=iphoneos*]" = "iPhone Distribution: Sylion Development SL";
				GCC_PRECOMPILE_PREFIX_HEADER = YES;
				GCC_PREFIX_HEADER = "TouchChart/TouchChart-Prefix.pch";
				HEADER_SEARCH_PATHS = "";
				INFOPLIST_FILE = "TouchChart/TouchChart-Info.plist";
				LIBRARY_SEARCH_PATHS = (
					"$(inherited)",
					"\"$(SRCROOT)/TouchChart/External Libraries\"",
				);
				PRODUCT_NAME = "$(TARGET_NAME)";
				"PROVISIONING_PROFILE[sdk=iphoneos*]" = "6B91E141-F7BF-4795-BCFA-F4EBD8A570CC";
				WRAPPER_EXTENSION = app;
			};
			name = Release;
		};
		6691AA6B150DCFBD00D4A47A /* Debug */ = {
			isa = XCBuildConfiguration;
			buildSettings = {
				BUNDLE_LOADER = "$(BUILT_PRODUCTS_DIR)/TouchChart.app/TouchChart";
				FRAMEWORK_SEARCH_PATHS = (
					"$(SDKROOT)/Developer/Library/Frameworks",
					"$(DEVELOPER_LIBRARY_DIR)/Frameworks",
				);
				GCC_PRECOMPILE_PREFIX_HEADER = YES;
				GCC_PREFIX_HEADER = "TouchChart/TouchChart-Prefix.pch";
				INFOPLIST_FILE = "TouchChartTests/TouchChartTests-Info.plist";
				PRODUCT_NAME = "$(TARGET_NAME)";
				TEST_HOST = "$(BUNDLE_LOADER)";
				WRAPPER_EXTENSION = octest;
			};
			name = Debug;
		};
		6691AA6C150DCFBD00D4A47A /* Release */ = {
			isa = XCBuildConfiguration;
			buildSettings = {
				BUNDLE_LOADER = "$(BUILT_PRODUCTS_DIR)/TouchChart.app/TouchChart";
				FRAMEWORK_SEARCH_PATHS = (
					"$(SDKROOT)/Developer/Library/Frameworks",
					"$(DEVELOPER_LIBRARY_DIR)/Frameworks",
				);
				GCC_PRECOMPILE_PREFIX_HEADER = YES;
				GCC_PREFIX_HEADER = "TouchChart/TouchChart-Prefix.pch";
				INFOPLIST_FILE = "TouchChartTests/TouchChartTests-Info.plist";
				PRODUCT_NAME = "$(TARGET_NAME)";
				TEST_HOST = "$(BUNDLE_LOADER)";
				WRAPPER_EXTENSION = octest;
			};
			name = Release;
		};
/* End XCBuildConfiguration section */

/* Begin XCConfigurationList section */
		6691AA2B150DCFBC00D4A47A /* Build configuration list for PBXProject "TouchChart" */ = {
			isa = XCConfigurationList;
			buildConfigurations = (
				6691AA65150DCFBD00D4A47A /* Debug */,
				6691AA66150DCFBD00D4A47A /* Release */,
			);
			defaultConfigurationIsVisible = 0;
			defaultConfigurationName = Release;
		};
		6691AA67150DCFBD00D4A47A /* Build configuration list for PBXNativeTarget "TouchChart" */ = {
			isa = XCConfigurationList;
			buildConfigurations = (
				6691AA68150DCFBD00D4A47A /* Debug */,
				6691AA69150DCFBD00D4A47A /* Release */,
			);
			defaultConfigurationIsVisible = 0;
			defaultConfigurationName = Release;
		};
		6691AA6A150DCFBD00D4A47A /* Build configuration list for PBXNativeTarget "TouchChartTests" */ = {
			isa = XCConfigurationList;
			buildConfigurations = (
				6691AA6B150DCFBD00D4A47A /* Debug */,
				6691AA6C150DCFBD00D4A47A /* Release */,
			);
			defaultConfigurationIsVisible = 0;
			defaultConfigurationName = Release;
		};
/* End XCConfigurationList section */
	};
	rootObject = 6691AA28150DCFBC00D4A47A /* Project object */;
}
